{
  "object": {
    "pins": [
      {
        "package": "AppAuth",
        "repositoryURL": "https://github.com/openid/AppAuth-iOS.git",
        "state": {
          "branch": null,
          "revision": "01131d68346c8ae552961c768d583c715fbe1410",
          "version": "1.4.0"
        }
      },
      {
        "package": "PMKCoreLocation",
        "repositoryURL": "https://github.com/fallingspirit/CoreLocation",
        "state": {
          "branch": null,
          "revision": "0d7f0e88f3f56a82a79553af651c2dea0f69bbcf",
          "version": "3.1.2"
        }
      },
      {
        "package": "PMKFoundation",
        "repositoryURL": "https://github.com/PromiseKit/Foundation.git",
        "state": {
          "branch": null,
          "revision": "985f17fa69ee0e5b7eb3ff9be87ffc4e05fc0927",
          "version": "3.4.0"
        }
      },
      {
        "package": "itwin-mobile-ios",
        "repositoryURL": "https://github.com/iTwin/mobile-native-ios",
        "state": {
          "branch": null,
          "revision": "7000fd14b86a711b247f93c7aa9465ebd0863736",
          "version": "3.0.31"
        }
      },
      {
        "package": "itwin-mobile-sdk-ios",
        "repositoryURL": "https://github.com/iTwin/mobile-sdk-ios.git",
        "state": {
          "branch": null,
          "revision": "3a1e1c79f50005fb62d4eaf73fd71c9cee429603",
          "version": "0.10.1"
        }
      },
      {
        "package": "PromiseKit",
        "repositoryURL": "https://github.com/mxcl/PromiseKit",
        "state": {
          "branch": null,
          "revision": "7b07b214dacecb22ca4b680531c7e981d52483f9",
          "version": "6.16.3"
        }
      },
      {
        "package": "Reachability",
        "repositoryURL": "https://github.com/ashleymills/Reachability.swift",
        "state": {
          "branch": null,
          "revision": "c01bbdf2d633cf049ae1ed1a68a2020a8bda32e2",
          "version": "5.1.0"
        }
      }
    ]
  },
  "version": 1
}
