{
  "object": {
    "pins": [
      {
        "package": "itwin-mobile-native-ios",
        "repositoryURL": "https://github.com/iTwin/mobile-native-ios",
        "state": {
          "branch": null,
          "revision": "d1f5b600437a990f408980ebab36ffb049aac85f",
          "version": "3.1.6"
        }
      }
    ]
  },
  "version": 1
}
