{
  "pins" : [
    {
      "identity" : "mobile-native-ios",
      "kind" : "remoteSourceControl",
      "location" : "https://github.com/iTwin/mobile-native-ios",
      "state" : {
        "revision" : "b365b0ca9fe2b16cddaf26f59e8f38148027608c",
        "version" : "4.8.11"
      }
    }
  ],
  "version" : 2
}
