{
  "pins" : [
    {
      "identity" : "mobile-native-ios",
      "kind" : "remoteSourceControl",
      "location" : "https://github.com/iTwin/mobile-native-ios",
      "state" : {
        "revision" : "913265597790cc127f40806aa22284062f8368a1",
        "version" : "5.0.15"
      }
    }
  ],
  "version" : 2
}
