// !$*UTF8*$!
{
	archiveVersion = 1;
	classes = {
	};
	objectVersion = 50;
	objects = {

/* Begin PBXBuildFile section */
		4158CCD124BE365F00FA5E49 /* IModelJsNative in Resources */ = {isa = PBXBuildFile; fileRef = 4158CCD024BE365F00FA5E49 /* IModelJsNative */; };
		415D588423E37F5200907B7B /* AppDelegate.swift in Sources */ = {isa = PBXBuildFile; fileRef = 415D588323E37F5200907B7B /* AppDelegate.swift */; };
		415D588623E37F5200907B7B /* SceneDelegate.swift in Sources */ = {isa = PBXBuildFile; fileRef = 415D588523E37F5200907B7B /* SceneDelegate.swift */; };
		415D588823E37F5200907B7B /* MainViewController.swift in Sources */ = {isa = PBXBuildFile; fileRef = 415D588723E37F5200907B7B /* MainViewController.swift */; };
		415D588B23E37F5200907B7B /* Main.storyboard in Resources */ = {isa = PBXBuildFile; fileRef = 415D588923E37F5200907B7B /* Main.storyboard */; };
		415D588D23E37F5300907B7B /* Assets.xcassets in Resources */ = {isa = PBXBuildFile; fileRef = 415D588C23E37F5300907B7B /* Assets.xcassets */; };
		415D589023E37F5300907B7B /* LaunchScreen.storyboard in Resources */ = {isa = PBXBuildFile; fileRef = 415D588E23E37F5300907B7B /* LaunchScreen.storyboard */; };
		415D589C23E38D0C00907B7B /* Config.xcconfig in Resources */ = {isa = PBXBuildFile; fileRef = 415D589B23E38D0C00907B7B /* Config.xcconfig */; };
		415D58A123E38DD100907B7B /* WebKit.framework in Frameworks */ = {isa = PBXBuildFile; fileRef = 415D589923E38CCF00907B7B /* WebKit.framework */; };
		415D58B723E4ACAA00907B7B /* AssetHandler.swift in Sources */ = {isa = PBXBuildFile; fileRef = 415D58B623E4ACAA00907B7B /* AssetHandler.swift */; };
		4180D5312472EEBB00EF5E14 /* IModelJsNative.framework in Frameworks */ = {isa = PBXBuildFile; fileRef = 4180D5302472EEBB00EF5E14 /* IModelJsNative.framework */; };
		4180D5322472EEBB00EF5E14 /* IModelJsNative.framework in Embed Libraries */ = {isa = PBXBuildFile; fileRef = 4180D5302472EEBB00EF5E14 /* IModelJsNative.framework */; settings = {ATTRIBUTES = (CodeSignOnCopy, RemoveHeadersOnCopy, ); }; };
/* End PBXBuildFile section */

/* Begin PBXContainerItemProxy section */
		41818D1324BCFA610084E76E /* PBXContainerItemProxy */ = {
			isa = PBXContainerItemProxy;
			containerPortal = 418114BA24BCFA1E0084E76E /* AppAuth.xcodeproj */;
			proxyType = 2;
			remoteGlobalIDString = 340E737C1C5D819B0076B1F6;
			remoteInfo = "AppAuth-iOS";
		};
		41818D1524BCFA610084E76E /* PBXContainerItemProxy */ = {
			isa = PBXContainerItemProxy;
			containerPortal = 418114BA24BCFA1E0084E76E /* AppAuth.xcodeproj */;
			proxyType = 2;
			remoteGlobalIDString = 341741F01C5D8283000EF209;
			remoteInfo = "AppAuth-iOSTests";
		};
		41818D1724BCFA610084E76E /* PBXContainerItemProxy */ = {
			isa = PBXContainerItemProxy;
			containerPortal = 418114BA24BCFA1E0084E76E /* AppAuth.xcodeproj */;
			proxyType = 2;
			remoteGlobalIDString = 340DAE4E1D58216A00EC285B;
			remoteInfo = "AppAuth-macOS";
		};
		41818D1924BCFA610084E76E /* PBXContainerItemProxy */ = {
			isa = PBXContainerItemProxy;
			containerPortal = 418114BA24BCFA1E0084E76E /* AppAuth.xcodeproj */;
			proxyType = 2;
			remoteGlobalIDString = 341AA4CE1E7F392C00FCA5C6;
			remoteInfo = "AppAuth-macOSTests";
		};
		41818D1B24BCFA610084E76E /* PBXContainerItemProxy */ = {
			isa = PBXContainerItemProxy;
			containerPortal = 418114BA24BCFA1E0084E76E /* AppAuth.xcodeproj */;
			proxyType = 2;
			remoteGlobalIDString = 341E707E1DE18744004353C1;
			remoteInfo = "AppAuth-tvOS";
		};
		41818D1D24BCFA610084E76E /* PBXContainerItemProxy */ = {
			isa = PBXContainerItemProxy;
			containerPortal = 418114BA24BCFA1E0084E76E /* AppAuth.xcodeproj */;
			proxyType = 2;
			remoteGlobalIDString = 341AA4ED1E7F39F100FCA5C6;
			remoteInfo = "AppAuth-tvOSTests";
		};
		41818D1F24BCFA610084E76E /* PBXContainerItemProxy */ = {
			isa = PBXContainerItemProxy;
			containerPortal = 418114BA24BCFA1E0084E76E /* AppAuth.xcodeproj */;
			proxyType = 2;
			remoteGlobalIDString = 347423F61E7F4B5600D3E6D6;
			remoteInfo = "AppAuth-watchOS";
		};
		41818D2124BCFA610084E76E /* PBXContainerItemProxy */ = {
			isa = PBXContainerItemProxy;
			containerPortal = 418114BA24BCFA1E0084E76E /* AppAuth.xcodeproj */;
			proxyType = 2;
			remoteGlobalIDString = 343AAA541E83463400F9D36E;
			remoteInfo = AppAuth_iOS;
		};
		41818D2324BCFA610084E76E /* PBXContainerItemProxy */ = {
			isa = PBXContainerItemProxy;
			containerPortal = 418114BA24BCFA1E0084E76E /* AppAuth.xcodeproj */;
			proxyType = 2;
			remoteGlobalIDString = 343AAA5C1E83463400F9D36E;
			remoteInfo = AppAuth_iOSTests;
		};
		41818D2524BCFA610084E76E /* PBXContainerItemProxy */ = {
			isa = PBXContainerItemProxy;
			containerPortal = 418114BA24BCFA1E0084E76E /* AppAuth.xcodeproj */;
			proxyType = 2;
			remoteGlobalIDString = 343AAA991E83487200F9D36E;
			remoteInfo = AppAuth_watchOS;
		};
		41818D2724BCFA610084E76E /* PBXContainerItemProxy */ = {
			isa = PBXContainerItemProxy;
			containerPortal = 418114BA24BCFA1E0084E76E /* AppAuth.xcodeproj */;
			proxyType = 2;
			remoteGlobalIDString = 343AAAA61E83489A00F9D36E;
			remoteInfo = AppAuth_tvOS;
		};
		41818D2924BCFA610084E76E /* PBXContainerItemProxy */ = {
			isa = PBXContainerItemProxy;
			containerPortal = 418114BA24BCFA1E0084E76E /* AppAuth.xcodeproj */;
			proxyType = 2;
			remoteGlobalIDString = 343AAAAE1E83489A00F9D36E;
			remoteInfo = AppAuth_tvOSTests;
		};
		41818D2B24BCFA610084E76E /* PBXContainerItemProxy */ = {
			isa = PBXContainerItemProxy;
			containerPortal = 418114BA24BCFA1E0084E76E /* AppAuth.xcodeproj */;
			proxyType = 2;
			remoteGlobalIDString = 343AAAC21E8348A900F9D36E;
			remoteInfo = AppAuth_macOS;
		};
		41818D2D24BCFA610084E76E /* PBXContainerItemProxy */ = {
			isa = PBXContainerItemProxy;
			containerPortal = 418114BA24BCFA1E0084E76E /* AppAuth.xcodeproj */;
			proxyType = 2;
			remoteGlobalIDString = 343AAACA1E8348AA00F9D36E;
			remoteInfo = AppAuth_macOSTests;
		};
		41818D2F24BCFA610084E76E /* PBXContainerItemProxy */ = {
			isa = PBXContainerItemProxy;
			containerPortal = 418114BA24BCFA1E0084E76E /* AppAuth.xcodeproj */;
			proxyType = 2;
			remoteGlobalIDString = 342F42C32177B1FC00574F24;
			remoteInfo = AppAuthCore;
		};
		41818D3124BCFA610084E76E /* PBXContainerItemProxy */ = {
			isa = PBXContainerItemProxy;
			containerPortal = 418114BA24BCFA1E0084E76E /* AppAuth.xcodeproj */;
			proxyType = 2;
			remoteGlobalIDString = 348970972177B3B000ABEED4;
			remoteInfo = AppAuthCoreTests;
		};
		41818D4324BCFA610084E76E /* PBXContainerItemProxy */ = {
			isa = PBXContainerItemProxy;
			containerPortal = 418116B024BCFA200084E76E /* AppAuth.xcodeproj */;
			proxyType = 2;
			remoteGlobalIDString = 340E737C1C5D819B0076B1F6;
			remoteInfo = "AppAuth-iOS";
		};
		41818D4524BCFA610084E76E /* PBXContainerItemProxy */ = {
			isa = PBXContainerItemProxy;
			containerPortal = 418116B024BCFA200084E76E /* AppAuth.xcodeproj */;
			proxyType = 2;
			remoteGlobalIDString = 341741F01C5D8283000EF209;
			remoteInfo = "AppAuth-iOSTests";
		};
		41818D4724BCFA610084E76E /* PBXContainerItemProxy */ = {
			isa = PBXContainerItemProxy;
			containerPortal = 418116B024BCFA200084E76E /* AppAuth.xcodeproj */;
			proxyType = 2;
			remoteGlobalIDString = 340DAE4E1D58216A00EC285B;
			remoteInfo = "AppAuth-macOS";
		};
		41818D4924BCFA610084E76E /* PBXContainerItemProxy */ = {
			isa = PBXContainerItemProxy;
			containerPortal = 418116B024BCFA200084E76E /* AppAuth.xcodeproj */;
			proxyType = 2;
			remoteGlobalIDString = 341AA4CE1E7F392C00FCA5C6;
			remoteInfo = "AppAuth-macOSTests";
		};
		41818D4B24BCFA610084E76E /* PBXContainerItemProxy */ = {
			isa = PBXContainerItemProxy;
			containerPortal = 418116B024BCFA200084E76E /* AppAuth.xcodeproj */;
			proxyType = 2;
			remoteGlobalIDString = 341E707E1DE18744004353C1;
			remoteInfo = "AppAuth-tvOS";
		};
		41818D4D24BCFA610084E76E /* PBXContainerItemProxy */ = {
			isa = PBXContainerItemProxy;
			containerPortal = 418116B024BCFA200084E76E /* AppAuth.xcodeproj */;
			proxyType = 2;
			remoteGlobalIDString = 341AA4ED1E7F39F100FCA5C6;
			remoteInfo = "AppAuth-tvOSTests";
		};
		41818D4F24BCFA610084E76E /* PBXContainerItemProxy */ = {
			isa = PBXContainerItemProxy;
			containerPortal = 418116B024BCFA200084E76E /* AppAuth.xcodeproj */;
			proxyType = 2;
			remoteGlobalIDString = 347423F61E7F4B5600D3E6D6;
			remoteInfo = "AppAuth-watchOS";
		};
		41818D5124BCFA610084E76E /* PBXContainerItemProxy */ = {
			isa = PBXContainerItemProxy;
			containerPortal = 418116B024BCFA200084E76E /* AppAuth.xcodeproj */;
			proxyType = 2;
			remoteGlobalIDString = 343AAA541E83463400F9D36E;
			remoteInfo = AppAuth_iOS;
		};
		41818D5324BCFA610084E76E /* PBXContainerItemProxy */ = {
			isa = PBXContainerItemProxy;
			containerPortal = 418116B024BCFA200084E76E /* AppAuth.xcodeproj */;
			proxyType = 2;
			remoteGlobalIDString = 343AAA5C1E83463400F9D36E;
			remoteInfo = AppAuth_iOSTests;
		};
		41818D5524BCFA610084E76E /* PBXContainerItemProxy */ = {
			isa = PBXContainerItemProxy;
			containerPortal = 418116B024BCFA200084E76E /* AppAuth.xcodeproj */;
			proxyType = 2;
			remoteGlobalIDString = 343AAA991E83487200F9D36E;
			remoteInfo = AppAuth_watchOS;
		};
		41818D5724BCFA610084E76E /* PBXContainerItemProxy */ = {
			isa = PBXContainerItemProxy;
			containerPortal = 418116B024BCFA200084E76E /* AppAuth.xcodeproj */;
			proxyType = 2;
			remoteGlobalIDString = 343AAAA61E83489A00F9D36E;
			remoteInfo = AppAuth_tvOS;
		};
		41818D5924BCFA610084E76E /* PBXContainerItemProxy */ = {
			isa = PBXContainerItemProxy;
			containerPortal = 418116B024BCFA200084E76E /* AppAuth.xcodeproj */;
			proxyType = 2;
			remoteGlobalIDString = 343AAAAE1E83489A00F9D36E;
			remoteInfo = AppAuth_tvOSTests;
		};
		41818D5B24BCFA610084E76E /* PBXContainerItemProxy */ = {
			isa = PBXContainerItemProxy;
			containerPortal = 418116B024BCFA200084E76E /* AppAuth.xcodeproj */;
			proxyType = 2;
			remoteGlobalIDString = 343AAAC21E8348A900F9D36E;
			remoteInfo = AppAuth_macOS;
		};
		41818D5D24BCFA610084E76E /* PBXContainerItemProxy */ = {
			isa = PBXContainerItemProxy;
			containerPortal = 418116B024BCFA200084E76E /* AppAuth.xcodeproj */;
			proxyType = 2;
			remoteGlobalIDString = 343AAACA1E8348AA00F9D36E;
			remoteInfo = AppAuth_macOSTests;
		};
		41818D5F24BCFA610084E76E /* PBXContainerItemProxy */ = {
			isa = PBXContainerItemProxy;
			containerPortal = 418116B024BCFA200084E76E /* AppAuth.xcodeproj */;
			proxyType = 2;
			remoteGlobalIDString = 342F42C32177B1FC00574F24;
			remoteInfo = AppAuthCore;
		};
		41818D6124BCFA610084E76E /* PBXContainerItemProxy */ = {
			isa = PBXContainerItemProxy;
			containerPortal = 418116B024BCFA200084E76E /* AppAuth.xcodeproj */;
			proxyType = 2;
			remoteGlobalIDString = 348970972177B3B000ABEED4;
			remoteInfo = AppAuthCoreTests;
		};
		41818D7324BCFA610084E76E /* PBXContainerItemProxy */ = {
			isa = PBXContainerItemProxy;
			containerPortal = 418115A824BCFA1E0084E76E /* AppAuth.xcodeproj */;
			proxyType = 2;
			remoteGlobalIDString = 340E737C1C5D819B0076B1F6;
			remoteInfo = "AppAuth-iOS";
		};
		41818D7524BCFA610084E76E /* PBXContainerItemProxy */ = {
			isa = PBXContainerItemProxy;
			containerPortal = 418115A824BCFA1E0084E76E /* AppAuth.xcodeproj */;
			proxyType = 2;
			remoteGlobalIDString = 341741F01C5D8283000EF209;
			remoteInfo = "AppAuth-iOSTests";
		};
		41818D7724BCFA610084E76E /* PBXContainerItemProxy */ = {
			isa = PBXContainerItemProxy;
			containerPortal = 418115A824BCFA1E0084E76E /* AppAuth.xcodeproj */;
			proxyType = 2;
			remoteGlobalIDString = 340DAE4E1D58216A00EC285B;
			remoteInfo = "AppAuth-macOS";
		};
		41818D7924BCFA610084E76E /* PBXContainerItemProxy */ = {
			isa = PBXContainerItemProxy;
			containerPortal = 418115A824BCFA1E0084E76E /* AppAuth.xcodeproj */;
			proxyType = 2;
			remoteGlobalIDString = 341AA4CE1E7F392C00FCA5C6;
			remoteInfo = "AppAuth-macOSTests";
		};
		41818D7B24BCFA610084E76E /* PBXContainerItemProxy */ = {
			isa = PBXContainerItemProxy;
			containerPortal = 418115A824BCFA1E0084E76E /* AppAuth.xcodeproj */;
			proxyType = 2;
			remoteGlobalIDString = 341E707E1DE18744004353C1;
			remoteInfo = "AppAuth-tvOS";
		};
		41818D7D24BCFA610084E76E /* PBXContainerItemProxy */ = {
			isa = PBXContainerItemProxy;
			containerPortal = 418115A824BCFA1E0084E76E /* AppAuth.xcodeproj */;
			proxyType = 2;
			remoteGlobalIDString = 341AA4ED1E7F39F100FCA5C6;
			remoteInfo = "AppAuth-tvOSTests";
		};
		41818D7F24BCFA610084E76E /* PBXContainerItemProxy */ = {
			isa = PBXContainerItemProxy;
			containerPortal = 418115A824BCFA1E0084E76E /* AppAuth.xcodeproj */;
			proxyType = 2;
			remoteGlobalIDString = 347423F61E7F4B5600D3E6D6;
			remoteInfo = "AppAuth-watchOS";
		};
		41818D8124BCFA610084E76E /* PBXContainerItemProxy */ = {
			isa = PBXContainerItemProxy;
			containerPortal = 418115A824BCFA1E0084E76E /* AppAuth.xcodeproj */;
			proxyType = 2;
			remoteGlobalIDString = 343AAA541E83463400F9D36E;
			remoteInfo = AppAuth_iOS;
		};
		41818D8324BCFA610084E76E /* PBXContainerItemProxy */ = {
			isa = PBXContainerItemProxy;
			containerPortal = 418115A824BCFA1E0084E76E /* AppAuth.xcodeproj */;
			proxyType = 2;
			remoteGlobalIDString = 343AAA5C1E83463400F9D36E;
			remoteInfo = AppAuth_iOSTests;
		};
		41818D8524BCFA610084E76E /* PBXContainerItemProxy */ = {
			isa = PBXContainerItemProxy;
			containerPortal = 418115A824BCFA1E0084E76E /* AppAuth.xcodeproj */;
			proxyType = 2;
			remoteGlobalIDString = 343AAA991E83487200F9D36E;
			remoteInfo = AppAuth_watchOS;
		};
		41818D8724BCFA610084E76E /* PBXContainerItemProxy */ = {
			isa = PBXContainerItemProxy;
			containerPortal = 418115A824BCFA1E0084E76E /* AppAuth.xcodeproj */;
			proxyType = 2;
			remoteGlobalIDString = 343AAAA61E83489A00F9D36E;
			remoteInfo = AppAuth_tvOS;
		};
		41818D8924BCFA610084E76E /* PBXContainerItemProxy */ = {
			isa = PBXContainerItemProxy;
			containerPortal = 418115A824BCFA1E0084E76E /* AppAuth.xcodeproj */;
			proxyType = 2;
			remoteGlobalIDString = 343AAAAE1E83489A00F9D36E;
			remoteInfo = AppAuth_tvOSTests;
		};
		41818D8B24BCFA610084E76E /* PBXContainerItemProxy */ = {
			isa = PBXContainerItemProxy;
			containerPortal = 418115A824BCFA1E0084E76E /* AppAuth.xcodeproj */;
			proxyType = 2;
			remoteGlobalIDString = 343AAAC21E8348A900F9D36E;
			remoteInfo = AppAuth_macOS;
		};
		41818D8D24BCFA610084E76E /* PBXContainerItemProxy */ = {
			isa = PBXContainerItemProxy;
			containerPortal = 418115A824BCFA1E0084E76E /* AppAuth.xcodeproj */;
			proxyType = 2;
			remoteGlobalIDString = 343AAACA1E8348AA00F9D36E;
			remoteInfo = AppAuth_macOSTests;
		};
		41818D8F24BCFA610084E76E /* PBXContainerItemProxy */ = {
			isa = PBXContainerItemProxy;
			containerPortal = 418115A824BCFA1E0084E76E /* AppAuth.xcodeproj */;
			proxyType = 2;
			remoteGlobalIDString = 342F42C32177B1FC00574F24;
			remoteInfo = AppAuthCore;
		};
		41818D9124BCFA610084E76E /* PBXContainerItemProxy */ = {
			isa = PBXContainerItemProxy;
			containerPortal = 418115A824BCFA1E0084E76E /* AppAuth.xcodeproj */;
			proxyType = 2;
			remoteGlobalIDString = 348970972177B3B000ABEED4;
			remoteInfo = AppAuthCoreTests;
		};
		41818D9524BCFA610084E76E /* PBXContainerItemProxy */ = {
			isa = PBXContainerItemProxy;
			containerPortal = 4181E79224BCFA0C0084E76E /* BeTestiOS.xcodeproj */;
			proxyType = 2;
			remoteGlobalIDString = 88FA902D14F584D60028AB2E;
			remoteInfo = BeTestiOS;
		};
		41818D9724BCFA610084E76E /* PBXContainerItemProxy */ = {
			isa = PBXContainerItemProxy;
			containerPortal = 4181E79224BCFA0C0084E76E /* BeTestiOS.xcodeproj */;
			proxyType = 2;
			remoteGlobalIDString = 88FA904E14F584D60028AB2E;
			remoteInfo = BeTestiOSTests;
		};
		41818D9B24BCFA610084E76E /* PBXContainerItemProxy */ = {
			isa = PBXContainerItemProxy;
			containerPortal = 4181177924BCFA210084E76E /* Example-iOS_ObjC.xcodeproj */;
			proxyType = 2;
			remoteGlobalIDString = 346E91691C29D42800D3620B;
			remoteInfo = "Example-iOS_ObjC";
		};
		41818D9D24BCFA610084E76E /* PBXContainerItemProxy */ = {
			isa = PBXContainerItemProxy;
			containerPortal = 4181177924BCFA210084E76E /* Example-iOS_ObjC.xcodeproj */;
			proxyType = 2;
			remoteGlobalIDString = 341310A71E6DEF7000D5DEE5;
			remoteInfo = "AppAuthExample-iOS_ObjCTests";
		};
		41818DA124BCFA610084E76E /* PBXContainerItemProxy */ = {
			isa = PBXContainerItemProxy;
			containerPortal = 4181167C24BCFA1F0084E76E /* Example-iOS_ObjC.xcodeproj */;
			proxyType = 2;
			remoteGlobalIDString = 346E91691C29D42800D3620B;
			remoteInfo = "Example-iOS_ObjC";
		};
		41818DA324BCFA610084E76E /* PBXContainerItemProxy */ = {
			isa = PBXContainerItemProxy;
			containerPortal = 4181167C24BCFA1F0084E76E /* Example-iOS_ObjC.xcodeproj */;
			proxyType = 2;
			remoteGlobalIDString = 341310A71E6DEF7000D5DEE5;
			remoteInfo = "AppAuthExample-iOS_ObjCTests";
		};
		41818DA724BCFA610084E76E /* PBXContainerItemProxy */ = {
			isa = PBXContainerItemProxy;
			containerPortal = 4181158E24BCFA1E0084E76E /* Example-iOS_ObjC.xcodeproj */;
			proxyType = 2;
			remoteGlobalIDString = 346E91691C29D42800D3620B;
			remoteInfo = "Example-iOS_ObjC";
		};
		41818DA924BCFA610084E76E /* PBXContainerItemProxy */ = {
			isa = PBXContainerItemProxy;
			containerPortal = 4181158E24BCFA1E0084E76E /* Example-iOS_ObjC.xcodeproj */;
			proxyType = 2;
			remoteGlobalIDString = 341310A71E6DEF7000D5DEE5;
			remoteInfo = "AppAuthExample-iOS_ObjCTests";
		};
		41818DAD24BCFA610084E76E /* PBXContainerItemProxy */ = {
			isa = PBXContainerItemProxy;
			containerPortal = 4181163024BCFA1F0084E76E /* Example-macOS.xcodeproj */;
			proxyType = 2;
			remoteGlobalIDString = F6016E701D2AC11F003497D7;
			remoteInfo = "Example-macOS";
		};
		41818DAF24BCFA610084E76E /* PBXContainerItemProxy */ = {
			isa = PBXContainerItemProxy;
			containerPortal = 4181163024BCFA1F0084E76E /* Example-macOS.xcodeproj */;
			proxyType = 2;
			remoteGlobalIDString = 341AA4C01E7F2E5000FCA5C6;
			remoteInfo = "Example-macOSTests";
		};
		41818DB324BCFA610084E76E /* PBXContainerItemProxy */ = {
			isa = PBXContainerItemProxy;
			containerPortal = 4181154224BCFA1E0084E76E /* Example-macOS.xcodeproj */;
			proxyType = 2;
			remoteGlobalIDString = F6016E701D2AC11F003497D7;
			remoteInfo = "Example-macOS";
		};
		41818DB524BCFA610084E76E /* PBXContainerItemProxy */ = {
			isa = PBXContainerItemProxy;
			containerPortal = 4181154224BCFA1E0084E76E /* Example-macOS.xcodeproj */;
			proxyType = 2;
			remoteGlobalIDString = 341AA4C01E7F2E5000FCA5C6;
			remoteInfo = "Example-macOSTests";
		};
		41818DB924BCFA610084E76E /* PBXContainerItemProxy */ = {
			isa = PBXContainerItemProxy;
			containerPortal = 4181172D24BCFA200084E76E /* Example-macOS.xcodeproj */;
			proxyType = 2;
			remoteGlobalIDString = F6016E701D2AC11F003497D7;
			remoteInfo = "Example-macOS";
		};
		41818DBB24BCFA610084E76E /* PBXContainerItemProxy */ = {
			isa = PBXContainerItemProxy;
			containerPortal = 4181172D24BCFA200084E76E /* Example-macOS.xcodeproj */;
			proxyType = 2;
			remoteGlobalIDString = 341AA4C01E7F2E5000FCA5C6;
			remoteInfo = "Example-macOSTests";
		};
		41818DBE24BCFA610084E76E /* PBXContainerItemProxy */ = {
			isa = PBXContainerItemProxy;
			containerPortal = 4181174424BCFA200084E76E /* Example.xcodeproj */;
			proxyType = 2;
			remoteGlobalIDString = 9F265B971F9AC5D600DC14BF;
			remoteInfo = Example;
		};
		41818DC124BCFA610084E76E /* PBXContainerItemProxy */ = {
			isa = PBXContainerItemProxy;
			containerPortal = 4181156B24BCFA1E0084E76E /* Example.xcodeproj */;
			proxyType = 2;
			remoteGlobalIDString = 346E91691C29D42800D3620B;
			remoteInfo = Example;
		};
		41818DC424BCFA610084E76E /* PBXContainerItemProxy */ = {
			isa = PBXContainerItemProxy;
			containerPortal = 4181155924BCFA1E0084E76E /* Example.xcodeproj */;
			proxyType = 2;
			remoteGlobalIDString = 9F265B971F9AC5D600DC14BF;
			remoteInfo = Example;
		};
		41818DC724BCFA610084E76E /* PBXContainerItemProxy */ = {
			isa = PBXContainerItemProxy;
			containerPortal = 4181164724BCFA1F0084E76E /* Example.xcodeproj */;
			proxyType = 2;
			remoteGlobalIDString = 9F265B971F9AC5D600DC14BF;
			remoteInfo = Example;
		};
		41818DCA24BCFA610084E76E /* PBXContainerItemProxy */ = {
			isa = PBXContainerItemProxy;
			containerPortal = 4181165924BCFA1F0084E76E /* Example.xcodeproj */;
			proxyType = 2;
			remoteGlobalIDString = 346E91691C29D42800D3620B;
			remoteInfo = Example;
		};
		41818DCD24BCFA610084E76E /* PBXContainerItemProxy */ = {
			isa = PBXContainerItemProxy;
			containerPortal = 4181175624BCFA200084E76E /* Example.xcodeproj */;
			proxyType = 2;
			remoteGlobalIDString = 346E91691C29D42800D3620B;
			remoteInfo = Example;
		};
		41818DD324BCFA610084E76E /* PBXContainerItemProxy */ = {
			isa = PBXContainerItemProxy;
			containerPortal = 4181096E24BCFA190084E76E /* FlatBuffers.xcodeproj */;
			proxyType = 2;
			remoteGlobalIDString = 18185F364F604E648CF6EE25;
			remoteInfo = flatc;
		};
		41818DD524BCFA610084E76E /* PBXContainerItemProxy */ = {
			isa = PBXContainerItemProxy;
			containerPortal = 4181096E24BCFA190084E76E /* FlatBuffers.xcodeproj */;
			proxyType = 2;
			remoteGlobalIDString = 3863042BCEC64791BFB48625;
			remoteInfo = flatsamplebinary;
		};
		41818DD724BCFA610084E76E /* PBXContainerItemProxy */ = {
			isa = PBXContainerItemProxy;
			containerPortal = 4181096E24BCFA190084E76E /* FlatBuffers.xcodeproj */;
			proxyType = 2;
			remoteGlobalIDString = 420E3BC724ED4A008D79297F;
			remoteInfo = flatsampletext;
		};
		41818DD924BCFA610084E76E /* PBXContainerItemProxy */ = {
			isa = PBXContainerItemProxy;
			containerPortal = 4181096E24BCFA190084E76E /* FlatBuffers.xcodeproj */;
			proxyType = 2;
			remoteGlobalIDString = A13F25CDAD23435DA293690D;
			remoteInfo = flattests;
		};
		41818DDC24BCFA610084E76E /* PBXContainerItemProxy */ = {
			isa = PBXContainerItemProxy;
			containerPortal = 4181169924BCFA200084E76E /* iModelJsApp.xcodeproj */;
			proxyType = 2;
			remoteGlobalIDString = 26E6C0B12076B63E0031769D;
			remoteInfo = iModelJsApp;
		};
		41818DDF24BCFA610084E76E /* PBXContainerItemProxy */ = {
			isa = PBXContainerItemProxy;
			containerPortal = 418114B424BCFA1D0084E76E /* IModelJsNative.xcodeproj */;
			proxyType = 2;
			remoteGlobalIDString = 41D3AFF3243E6A8D00B401A3;
			remoteInfo = IModelJsNative;
		};
/* End PBXContainerItemProxy section */

/* Begin PBXCopyFilesBuildPhase section */
		415D58A023E38DCB00907B7B /* Embed Libraries */ = {
			isa = PBXCopyFilesBuildPhase;
			buildActionMask = 2147483647;
			dstPath = "";
			dstSubfolderSpec = 10;
			files = (
				4180D5322472EEBB00EF5E14 /* IModelJsNative.framework in Embed Libraries */,
			);
			name = "Embed Libraries";
			runOnlyForDeploymentPostprocessing = 0;
		};
/* End PBXCopyFilesBuildPhase section */

/* Begin PBXFileReference section */
		4158CCD024BE365F00FA5E49 /* IModelJsNative */ = {isa = PBXFileReference; lastKnownFileType = folder; name = IModelJsNative; path = ../../../../../imodel02/src/imodel02/iModelJsMobile/nonport/Framework/IModelJsNative/IModelJsNative; sourceTree = "<group>"; };
		415D588023E37F5200907B7B /* imodeljs-test-app.app */ = {isa = PBXFileReference; explicitFileType = wrapper.application; includeInIndex = 0; path = "imodeljs-test-app.app"; sourceTree = BUILT_PRODUCTS_DIR; };
		415D588323E37F5200907B7B /* AppDelegate.swift */ = {isa = PBXFileReference; lastKnownFileType = sourcecode.swift; path = AppDelegate.swift; sourceTree = "<group>"; };
		415D588523E37F5200907B7B /* SceneDelegate.swift */ = {isa = PBXFileReference; lastKnownFileType = sourcecode.swift; path = SceneDelegate.swift; sourceTree = "<group>"; };
		415D588723E37F5200907B7B /* MainViewController.swift */ = {isa = PBXFileReference; lastKnownFileType = sourcecode.swift; path = MainViewController.swift; sourceTree = "<group>"; };
		415D588A23E37F5200907B7B /* Base */ = {isa = PBXFileReference; lastKnownFileType = file.storyboard; name = Base; path = Base.lproj/Main.storyboard; sourceTree = "<group>"; };
		415D588C23E37F5300907B7B /* Assets.xcassets */ = {isa = PBXFileReference; lastKnownFileType = folder.assetcatalog; path = Assets.xcassets; sourceTree = "<group>"; };
		415D588F23E37F5300907B7B /* Base */ = {isa = PBXFileReference; lastKnownFileType = file.storyboard; name = Base; path = Base.lproj/LaunchScreen.storyboard; sourceTree = "<group>"; };
		415D589123E37F5300907B7B /* Info.plist */ = {isa = PBXFileReference; lastKnownFileType = text.plist.xml; path = Info.plist; sourceTree = "<group>"; };
		415D589923E38CCF00907B7B /* WebKit.framework */ = {isa = PBXFileReference; lastKnownFileType = wrapper.framework; name = WebKit.framework; path = System/Library/Frameworks/WebKit.framework; sourceTree = SDKROOT; };
		415D589B23E38D0C00907B7B /* Config.xcconfig */ = {isa = PBXFileReference; lastKnownFileType = text.xcconfig; path = Config.xcconfig; sourceTree = "<group>"; };
		415D58A423E3907C00907B7B /* imodeljs-test-app-Bridging-Header.h */ = {isa = PBXFileReference; lastKnownFileType = sourcecode.c.h; path = "imodeljs-test-app-Bridging-Header.h"; sourceTree = "<group>"; };
		415D58B623E4ACAA00907B7B /* AssetHandler.swift */ = {isa = PBXFileReference; lastKnownFileType = sourcecode.swift; path = AssetHandler.swift; sourceTree = "<group>"; };
		4180D5302472EEBB00EF5E14 /* IModelJsNative.framework */ = {isa = PBXFileReference; lastKnownFileType = wrapper.framework; name = IModelJsNative.framework; path = "../../node_modules/@itwin/core-backend/node_modules/@bentley/imodeljs-native/imodeljs-ios-arm64//IModelJsNative.framework"; sourceTree = SOURCE_ROOT; };
		4181096E24BCFA190084E76E /* FlatBuffers.xcodeproj */ = {isa = PBXFileReference; lastKnownFileType = "wrapper.pb-project"; path = FlatBuffers.xcodeproj; sourceTree = "<group>"; };
		418114B424BCFA1D0084E76E /* IModelJsNative.xcodeproj */ = {isa = PBXFileReference; lastKnownFileType = "wrapper.pb-project"; path = IModelJsNative.xcodeproj; sourceTree = "<group>"; };
		418114BA24BCFA1E0084E76E /* AppAuth.xcodeproj */ = {isa = PBXFileReference; lastKnownFileType = "wrapper.pb-project"; path = AppAuth.xcodeproj; sourceTree = "<group>"; };
		4181154224BCFA1E0084E76E /* Example-macOS.xcodeproj */ = {isa = PBXFileReference; lastKnownFileType = "wrapper.pb-project"; path = "Example-macOS.xcodeproj"; sourceTree = "<group>"; };
		4181155924BCFA1E0084E76E /* Example.xcodeproj */ = {isa = PBXFileReference; lastKnownFileType = "wrapper.pb-project"; path = Example.xcodeproj; sourceTree = "<group>"; };
		4181156B24BCFA1E0084E76E /* Example.xcodeproj */ = {isa = PBXFileReference; lastKnownFileType = "wrapper.pb-project"; path = Example.xcodeproj; sourceTree = "<group>"; };
		4181158E24BCFA1E0084E76E /* Example-iOS_ObjC.xcodeproj */ = {isa = PBXFileReference; lastKnownFileType = "wrapper.pb-project"; path = "Example-iOS_ObjC.xcodeproj"; sourceTree = "<group>"; };
		418115A824BCFA1E0084E76E /* AppAuth.xcodeproj */ = {isa = PBXFileReference; lastKnownFileType = "wrapper.pb-project"; path = AppAuth.xcodeproj; sourceTree = "<group>"; };
		4181163024BCFA1F0084E76E /* Example-macOS.xcodeproj */ = {isa = PBXFileReference; lastKnownFileType = "wrapper.pb-project"; path = "Example-macOS.xcodeproj"; sourceTree = "<group>"; };
		4181164724BCFA1F0084E76E /* Example.xcodeproj */ = {isa = PBXFileReference; lastKnownFileType = "wrapper.pb-project"; path = Example.xcodeproj; sourceTree = "<group>"; };
		4181165924BCFA1F0084E76E /* Example.xcodeproj */ = {isa = PBXFileReference; lastKnownFileType = "wrapper.pb-project"; path = Example.xcodeproj; sourceTree = "<group>"; };
		4181167C24BCFA1F0084E76E /* Example-iOS_ObjC.xcodeproj */ = {isa = PBXFileReference; lastKnownFileType = "wrapper.pb-project"; path = "Example-iOS_ObjC.xcodeproj"; sourceTree = "<group>"; };
		4181169924BCFA200084E76E /* iModelJsApp.xcodeproj */ = {isa = PBXFileReference; lastKnownFileType = "wrapper.pb-project"; path = iModelJsApp.xcodeproj; sourceTree = "<group>"; };
		418116B024BCFA200084E76E /* AppAuth.xcodeproj */ = {isa = PBXFileReference; lastKnownFileType = "wrapper.pb-project"; path = AppAuth.xcodeproj; sourceTree = "<group>"; };
		4181172D24BCFA200084E76E /* Example-macOS.xcodeproj */ = {isa = PBXFileReference; lastKnownFileType = "wrapper.pb-project"; path = "Example-macOS.xcodeproj"; sourceTree = "<group>"; };
		4181174424BCFA200084E76E /* Example.xcodeproj */ = {isa = PBXFileReference; lastKnownFileType = "wrapper.pb-project"; path = Example.xcodeproj; sourceTree = "<group>"; };
		4181175624BCFA200084E76E /* Example.xcodeproj */ = {isa = PBXFileReference; lastKnownFileType = "wrapper.pb-project"; path = Example.xcodeproj; sourceTree = "<group>"; };
		4181177924BCFA210084E76E /* Example-iOS_ObjC.xcodeproj */ = {isa = PBXFileReference; lastKnownFileType = "wrapper.pb-project"; path = "Example-iOS_ObjC.xcodeproj"; sourceTree = "<group>"; };
		41814A4E24BCFA3A0084E76E /* test.xcodeproj */ = {isa = PBXFileReference; lastKnownFileType = "wrapper.pb-project"; path = test.xcodeproj; sourceTree = "<group>"; };
		4181E79224BCFA0C0084E76E /* BeTestiOS.xcodeproj */ = {isa = PBXFileReference; lastKnownFileType = "wrapper.pb-project"; path = BeTestiOS.xcodeproj; sourceTree = "<group>"; };
		4181FDFC24BCFA140084E76E /* test.xcodeproj */ = {isa = PBXFileReference; lastKnownFileType = "wrapper.pb-project"; path = test.xcodeproj; sourceTree = "<group>"; };
/* End PBXFileReference section */

/* Begin PBXFrameworksBuildPhase section */
		415D587D23E37F5200907B7B /* Frameworks */ = {
			isa = PBXFrameworksBuildPhase;
			buildActionMask = 2147483647;
			files = (
				4180D5312472EEBB00EF5E14 /* IModelJsNative.framework in Frameworks */,
				415D58A123E38DD100907B7B /* WebKit.framework in Frameworks */,
			);
			runOnlyForDeploymentPostprocessing = 0;
		};
/* End PBXFrameworksBuildPhase section */

/* Begin PBXGroup section */
		415D587723E37F5200907B7B = {
			isa = PBXGroup;
			children = (
				4158CCD024BE365F00FA5E49 /* IModelJsNative */,
				415D589B23E38D0C00907B7B /* Config.xcconfig */,
				415D588223E37F5200907B7B /* imodeljs-test-app */,
				415D588123E37F5200907B7B /* Products */,
				415D589823E38CCF00907B7B /* Frameworks */,
			);
			sourceTree = "<group>";
		};
		415D588123E37F5200907B7B /* Products */ = {
			isa = PBXGroup;
			children = (
				415D588023E37F5200907B7B /* imodeljs-test-app.app */,
			);
			name = Products;
			sourceTree = "<group>";
		};
		415D588223E37F5200907B7B /* imodeljs-test-app */ = {
			isa = PBXGroup;
			children = (
				415D588323E37F5200907B7B /* AppDelegate.swift */,
				415D588523E37F5200907B7B /* SceneDelegate.swift */,
				415D588723E37F5200907B7B /* MainViewController.swift */,
				415D588923E37F5200907B7B /* Main.storyboard */,
				415D588C23E37F5300907B7B /* Assets.xcassets */,
				415D588E23E37F5300907B7B /* LaunchScreen.storyboard */,
				415D589123E37F5300907B7B /* Info.plist */,
				415D58A423E3907C00907B7B /* imodeljs-test-app-Bridging-Header.h */,
				415D58B623E4ACAA00907B7B /* AssetHandler.swift */,
			);
			path = "imodeljs-test-app";
			sourceTree = "<group>";
		};
		415D589823E38CCF00907B7B /* Frameworks */ = {
			isa = PBXGroup;
			children = (
				4180D5302472EEBB00EF5E14 /* IModelJsNative.framework */,
				415D589923E38CCF00907B7B /* WebKit.framework */,
			);
			name = Frameworks;
			sourceTree = "<group>";
		};
		4181096F24BCFA190084E76E /* Products */ = {
			isa = PBXGroup;
			children = (
				41818DD424BCFA610084E76E /* flatc */,
				41818DD624BCFA610084E76E /* flatsamplebinary */,
				41818DD824BCFA610084E76E /* flatsampletext */,
				41818DDA24BCFA610084E76E /* flattests */,
			);
			name = Products;
			sourceTree = "<group>";
		};
		418114B524BCFA1D0084E76E /* Products */ = {
			isa = PBXGroup;
			children = (
				41818DE024BCFA610084E76E /* IModelJsNative.framework */,
			);
			name = Products;
			sourceTree = "<group>";
		};
		418114BB24BCFA1E0084E76E /* Products */ = {
			isa = PBXGroup;
			children = (
				41818D1424BCFA610084E76E /* libAppAuth-iOS.a */,
				41818D1624BCFA610084E76E /* AppAuth-iOSTests.xctest */,
				41818D1824BCFA610084E76E /* libAppAuth-macOS.a */,
				41818D1A24BCFA610084E76E /* AppAuth-macOSTests.xctest */,
				41818D1C24BCFA610084E76E /* libAppAuth-tvOS.a */,
				41818D1E24BCFA610084E76E /* AppAuth-tvOSTests.xctest */,
				41818D2024BCFA610084E76E /* libAppAuth-watchOS.a */,
				41818D2224BCFA610084E76E /* AppAuth.framework */,
				41818D2424BCFA610084E76E /* AppAuth_iOSTests.xctest */,
				41818D2624BCFA610084E76E /* AppAuth.framework */,
				41818D2824BCFA610084E76E /* AppAuth.framework */,
				41818D2A24BCFA610084E76E /* AppAuth_tvOSTests.xctest */,
				41818D2C24BCFA610084E76E /* AppAuth.framework */,
				41818D2E24BCFA610084E76E /* AppAuth_macOSTests.xctest */,
				41818D3024BCFA610084E76E /* AppAuthCore.framework */,
				41818D3224BCFA610084E76E /* AppAuthCoreTests.xctest */,
			);
			name = Products;
			sourceTree = "<group>";
		};
		4181154324BCFA1E0084E76E /* Products */ = {
			isa = PBXGroup;
			children = (
				41818DB424BCFA610084E76E /* Example-macOS.app */,
				41818DB624BCFA610084E76E /* Example-macOSTests.xctest */,
			);
			name = Products;
			sourceTree = "<group>";
		};
		4181155A24BCFA1E0084E76E /* Products */ = {
			isa = PBXGroup;
			children = (
				41818DC524BCFA610084E76E /* Example.app */,
			);
			name = Products;
			sourceTree = "<group>";
		};
		4181156C24BCFA1E0084E76E /* Products */ = {
			isa = PBXGroup;
			children = (
				41818DC224BCFA610084E76E /* Example.app */,
			);
			name = Products;
			sourceTree = "<group>";
		};
		4181158F24BCFA1E0084E76E /* Products */ = {
			isa = PBXGroup;
			children = (
				41818DA824BCFA610084E76E /* Example-iOS_ObjC.app */,
				41818DAA24BCFA610084E76E /* AppAuthExample-iOS_ObjCTests.xctest */,
			);
			name = Products;
			sourceTree = "<group>";
		};
		418115A924BCFA1E0084E76E /* Products */ = {
			isa = PBXGroup;
			children = (
				41818D7424BCFA610084E76E /* libAppAuth-iOS.a */,
				41818D7624BCFA610084E76E /* AppAuth-iOSTests.xctest */,
				41818D7824BCFA610084E76E /* libAppAuth-macOS.a */,
				41818D7A24BCFA610084E76E /* AppAuth-macOSTests.xctest */,
				41818D7C24BCFA610084E76E /* libAppAuth-tvOS.a */,
				41818D7E24BCFA610084E76E /* AppAuth-tvOSTests.xctest */,
				41818D8024BCFA610084E76E /* libAppAuth-watchOS.a */,
				41818D8224BCFA610084E76E /* AppAuth.framework */,
				41818D8424BCFA610084E76E /* AppAuth_iOSTests.xctest */,
				41818D8624BCFA610084E76E /* AppAuth.framework */,
				41818D8824BCFA610084E76E /* AppAuth.framework */,
				41818D8A24BCFA610084E76E /* AppAuth_tvOSTests.xctest */,
				41818D8C24BCFA610084E76E /* AppAuth.framework */,
				41818D8E24BCFA610084E76E /* AppAuth_macOSTests.xctest */,
				41818D9024BCFA610084E76E /* AppAuthCore.framework */,
				41818D9224BCFA610084E76E /* AppAuthCoreTests.xctest */,
			);
			name = Products;
			sourceTree = "<group>";
		};
		4181163124BCFA1F0084E76E /* Products */ = {
			isa = PBXGroup;
			children = (
				41818DAE24BCFA610084E76E /* Example-macOS.app */,
				41818DB024BCFA610084E76E /* Example-macOSTests.xctest */,
			);
			name = Products;
			sourceTree = "<group>";
		};
		4181164824BCFA1F0084E76E /* Products */ = {
			isa = PBXGroup;
			children = (
				41818DC824BCFA610084E76E /* Example.app */,
			);
			name = Products;
			sourceTree = "<group>";
		};
		4181165A24BCFA1F0084E76E /* Products */ = {
			isa = PBXGroup;
			children = (
				41818DCB24BCFA610084E76E /* Example.app */,
			);
			name = Products;
			sourceTree = "<group>";
		};
		4181167D24BCFA1F0084E76E /* Products */ = {
			isa = PBXGroup;
			children = (
				41818DA224BCFA610084E76E /* Example-iOS_ObjC.app */,
				41818DA424BCFA610084E76E /* AppAuthExample-iOS_ObjCTests.xctest */,
			);
			name = Products;
			sourceTree = "<group>";
		};
		4181169A24BCFA200084E76E /* Products */ = {
			isa = PBXGroup;
			children = (
				41818DDD24BCFA610084E76E /* iModelJsApp.app */,
			);
			name = Products;
			sourceTree = "<group>";
		};
		418116B124BCFA200084E76E /* Products */ = {
			isa = PBXGroup;
			children = (
				41818D4424BCFA610084E76E /* libAppAuth-iOS.a */,
				41818D4624BCFA610084E76E /* AppAuth-iOSTests.xctest */,
				41818D4824BCFA610084E76E /* libAppAuth-macOS.a */,
				41818D4A24BCFA610084E76E /* AppAuth-macOSTests.xctest */,
				41818D4C24BCFA610084E76E /* libAppAuth-tvOS.a */,
				41818D4E24BCFA610084E76E /* AppAuth-tvOSTests.xctest */,
				41818D5024BCFA610084E76E /* libAppAuth-watchOS.a */,
				41818D5224BCFA610084E76E /* AppAuth.framework */,
				41818D5424BCFA610084E76E /* AppAuth_iOSTests.xctest */,
				41818D5624BCFA610084E76E /* AppAuth.framework */,
				41818D5824BCFA610084E76E /* AppAUth.framework */,
				41818D5A24BCFA610084E76E /* AppAuth_tvOSTests.xctest */,
				41818D5C24BCFA610084E76E /* AppAuth.framework */,
				41818D5E24BCFA610084E76E /* AppAuth_macOSTests.xctest */,
				41818D6024BCFA610084E76E /* AppAuthCore.framework */,
				41818D6224BCFA610084E76E /* AppAuthCoreTests.xctest */,
			);
			name = Products;
			sourceTree = "<group>";
		};
		4181172E24BCFA200084E76E /* Products */ = {
			isa = PBXGroup;
			children = (
				41818DBA24BCFA610084E76E /* Example-macOS.app */,
				41818DBC24BCFA610084E76E /* Example-macOSTests.xctest */,
			);
			name = Products;
			sourceTree = "<group>";
		};
		4181174524BCFA200084E76E /* Products */ = {
			isa = PBXGroup;
			children = (
				41818DBF24BCFA610084E76E /* Example.app */,
			);
			name = Products;
			sourceTree = "<group>";
		};
		4181175724BCFA200084E76E /* Products */ = {
			isa = PBXGroup;
			children = (
				41818DCE24BCFA610084E76E /* Example.app */,
			);
			name = Products;
			sourceTree = "<group>";
		};
		4181177A24BCFA210084E76E /* Products */ = {
			isa = PBXGroup;
			children = (
				41818D9C24BCFA610084E76E /* Example-iOS_ObjC.app */,
				41818D9E24BCFA610084E76E /* AppAuthExample-iOS_ObjCTests.xctest */,
			);
			name = Products;
			sourceTree = "<group>";
		};
		41814A4F24BCFA3A0084E76E /* Products */ = {
			isa = PBXGroup;
			name = Products;
			sourceTree = "<group>";
		};
		4181E79324BCFA0C0084E76E /* Products */ = {
			isa = PBXGroup;
			children = (
				41818D9624BCFA610084E76E /* BeTestiOS.app */,
				41818D9824BCFA610084E76E /* BeTestiOSTests.xctest */,
			);
			name = Products;
			sourceTree = "<group>";
		};
		4181FDFD24BCFA140084E76E /* Products */ = {
			isa = PBXGroup;
			name = Products;
			sourceTree = "<group>";
		};
/* End PBXGroup section */

/* Begin PBXNativeTarget section */
		415D587F23E37F5200907B7B /* imodeljs-test-app */ = {
			isa = PBXNativeTarget;
			buildConfigurationList = 415D589423E37F5300907B7B /* Build configuration list for PBXNativeTarget "imodeljs-test-app" */;
			buildPhases = (
				415D587C23E37F5200907B7B /* Sources */,
				415D587D23E37F5200907B7B /* Frameworks */,
				415D587E23E37F5200907B7B /* Resources */,
				415D58A023E38DCB00907B7B /* Embed Libraries */,
				415D58A323E38E1900907B7B /* ShellScript */,
			);
			buildRules = (
			);
			dependencies = (
			);
			name = "imodeljs-test-app";
			packageProductDependencies = (
			);
			productName = "imodeljs-test-app";
			productReference = 415D588023E37F5200907B7B /* imodeljs-test-app.app */;
			productType = "com.apple.product-type.application";
		};
/* End PBXNativeTarget section */

/* Begin PBXProject section */
		415D587823E37F5200907B7B /* Project object */ = {
			isa = PBXProject;
			attributes = {
				LastSwiftUpdateCheck = 1130;
				LastUpgradeCheck = 1130;
				ORGANIZATIONNAME = "Affan Khan";
				TargetAttributes = {
					415D587F23E37F5200907B7B = {
						CreatedOnToolsVersion = 11.3;
						LastSwiftMigration = 1130;
					};
				};
			};
			buildConfigurationList = 415D587B23E37F5200907B7B /* Build configuration list for PBXProject "imodeljs-test-app" */;
			compatibilityVersion = "Xcode 9.3";
			developmentRegion = en;
			hasScannedForEncodings = 0;
			knownRegions = (
				en,
				Base,
				English,
			);
			mainGroup = 415D587723E37F5200907B7B;
			packageReferences = (
			);
			productRefGroup = 415D588123E37F5200907B7B /* Products */;
			projectDirPath = "";
			projectReferences = (
				{
					ProductGroup = 418114BB24BCFA1E0084E76E /* Products */;
					ProjectRef = 418114BA24BCFA1E0084E76E /* AppAuth.xcodeproj */;
				},
				{
					ProductGroup = 418116B124BCFA200084E76E /* Products */;
					ProjectRef = 418116B024BCFA200084E76E /* AppAuth.xcodeproj */;
				},
				{
					ProductGroup = 418115A924BCFA1E0084E76E /* Products */;
					ProjectRef = 418115A824BCFA1E0084E76E /* AppAuth.xcodeproj */;
				},
				{
					ProductGroup = 4181E79324BCFA0C0084E76E /* Products */;
					ProjectRef = 4181E79224BCFA0C0084E76E /* BeTestiOS.xcodeproj */;
				},
				{
					ProductGroup = 4181177A24BCFA210084E76E /* Products */;
					ProjectRef = 4181177924BCFA210084E76E /* Example-iOS_ObjC.xcodeproj */;
				},
				{
					ProductGroup = 4181167D24BCFA1F0084E76E /* Products */;
					ProjectRef = 4181167C24BCFA1F0084E76E /* Example-iOS_ObjC.xcodeproj */;
				},
				{
					ProductGroup = 4181158F24BCFA1E0084E76E /* Products */;
					ProjectRef = 4181158E24BCFA1E0084E76E /* Example-iOS_ObjC.xcodeproj */;
				},
				{
					ProductGroup = 4181163124BCFA1F0084E76E /* Products */;
					ProjectRef = 4181163024BCFA1F0084E76E /* Example-macOS.xcodeproj */;
				},
				{
					ProductGroup = 4181154324BCFA1E0084E76E /* Products */;
					ProjectRef = 4181154224BCFA1E0084E76E /* Example-macOS.xcodeproj */;
				},
				{
					ProductGroup = 4181172E24BCFA200084E76E /* Products */;
					ProjectRef = 4181172D24BCFA200084E76E /* Example-macOS.xcodeproj */;
				},
				{
					ProductGroup = 4181174524BCFA200084E76E /* Products */;
					ProjectRef = 4181174424BCFA200084E76E /* Example.xcodeproj */;
				},
				{
					ProductGroup = 4181156C24BCFA1E0084E76E /* Products */;
					ProjectRef = 4181156B24BCFA1E0084E76E /* Example.xcodeproj */;
				},
				{
					ProductGroup = 4181155A24BCFA1E0084E76E /* Products */;
					ProjectRef = 4181155924BCFA1E0084E76E /* Example.xcodeproj */;
				},
				{
					ProductGroup = 4181164824BCFA1F0084E76E /* Products */;
					ProjectRef = 4181164724BCFA1F0084E76E /* Example.xcodeproj */;
				},
				{
					ProductGroup = 4181165A24BCFA1F0084E76E /* Products */;
					ProjectRef = 4181165924BCFA1F0084E76E /* Example.xcodeproj */;
				},
				{
					ProductGroup = 4181175724BCFA200084E76E /* Products */;
					ProjectRef = 4181175624BCFA200084E76E /* Example.xcodeproj */;
				},
				{
					ProductGroup = 4181096F24BCFA190084E76E /* Products */;
					ProjectRef = 4181096E24BCFA190084E76E /* FlatBuffers.xcodeproj */;
				},
				{
					ProductGroup = 4181169A24BCFA200084E76E /* Products */;
					ProjectRef = 4181169924BCFA200084E76E /* iModelJsApp.xcodeproj */;
				},
				{
					ProductGroup = 418114B524BCFA1D0084E76E /* Products */;
					ProjectRef = 418114B424BCFA1D0084E76E /* IModelJsNative.xcodeproj */;
				},
				{
					ProductGroup = 4181FDFD24BCFA140084E76E /* Products */;
					ProjectRef = 4181FDFC24BCFA140084E76E /* test.xcodeproj */;
				},
				{
					ProductGroup = 41814A4F24BCFA3A0084E76E /* Products */;
					ProjectRef = 41814A4E24BCFA3A0084E76E /* test.xcodeproj */;
				},
			);
			projectRoot = "";
			targets = (
				415D587F23E37F5200907B7B /* imodeljs-test-app */,
			);
		};
/* End PBXProject section */

/* Begin PBXReferenceProxy section */
		41818D1424BCFA610084E76E /* libAppAuth-iOS.a */ = {
			isa = PBXReferenceProxy;
			fileType = archive.ar;
			path = "libAppAuth-iOS.a";
			remoteRef = 41818D1324BCFA610084E76E /* PBXContainerItemProxy */;
			sourceTree = BUILT_PRODUCTS_DIR;
		};
		41818D1624BCFA610084E76E /* AppAuth-iOSTests.xctest */ = {
			isa = PBXReferenceProxy;
			fileType = wrapper.cfbundle;
			path = "AppAuth-iOSTests.xctest";
			remoteRef = 41818D1524BCFA610084E76E /* PBXContainerItemProxy */;
			sourceTree = BUILT_PRODUCTS_DIR;
		};
		41818D1824BCFA610084E76E /* libAppAuth-macOS.a */ = {
			isa = PBXReferenceProxy;
			fileType = archive.ar;
			path = "libAppAuth-macOS.a";
			remoteRef = 41818D1724BCFA610084E76E /* PBXContainerItemProxy */;
			sourceTree = BUILT_PRODUCTS_DIR;
		};
		41818D1A24BCFA610084E76E /* AppAuth-macOSTests.xctest */ = {
			isa = PBXReferenceProxy;
			fileType = wrapper.cfbundle;
			path = "AppAuth-macOSTests.xctest";
			remoteRef = 41818D1924BCFA610084E76E /* PBXContainerItemProxy */;
			sourceTree = BUILT_PRODUCTS_DIR;
		};
		41818D1C24BCFA610084E76E /* libAppAuth-tvOS.a */ = {
			isa = PBXReferenceProxy;
			fileType = archive.ar;
			path = "libAppAuth-tvOS.a";
			remoteRef = 41818D1B24BCFA610084E76E /* PBXContainerItemProxy */;
			sourceTree = BUILT_PRODUCTS_DIR;
		};
		41818D1E24BCFA610084E76E /* AppAuth-tvOSTests.xctest */ = {
			isa = PBXReferenceProxy;
			fileType = wrapper.cfbundle;
			path = "AppAuth-tvOSTests.xctest";
			remoteRef = 41818D1D24BCFA610084E76E /* PBXContainerItemProxy */;
			sourceTree = BUILT_PRODUCTS_DIR;
		};
		41818D2024BCFA610084E76E /* libAppAuth-watchOS.a */ = {
			isa = PBXReferenceProxy;
			fileType = archive.ar;
			path = "libAppAuth-watchOS.a";
			remoteRef = 41818D1F24BCFA610084E76E /* PBXContainerItemProxy */;
			sourceTree = BUILT_PRODUCTS_DIR;
		};
		41818D2224BCFA610084E76E /* AppAuth.framework */ = {
			isa = PBXReferenceProxy;
			fileType = wrapper.framework;
			path = AppAuth.framework;
			remoteRef = 41818D2124BCFA610084E76E /* PBXContainerItemProxy */;
			sourceTree = BUILT_PRODUCTS_DIR;
		};
		41818D2424BCFA610084E76E /* AppAuth_iOSTests.xctest */ = {
			isa = PBXReferenceProxy;
			fileType = wrapper.cfbundle;
			path = AppAuth_iOSTests.xctest;
			remoteRef = 41818D2324BCFA610084E76E /* PBXContainerItemProxy */;
			sourceTree = BUILT_PRODUCTS_DIR;
		};
		41818D2624BCFA610084E76E /* AppAuth.framework */ = {
			isa = PBXReferenceProxy;
			fileType = wrapper.framework;
			path = AppAuth.framework;
			remoteRef = 41818D2524BCFA610084E76E /* PBXContainerItemProxy */;
			sourceTree = BUILT_PRODUCTS_DIR;
		};
		41818D2824BCFA610084E76E /* AppAuth.framework */ = {
			isa = PBXReferenceProxy;
			fileType = wrapper.framework;
			path = AppAuth.framework;
			remoteRef = 41818D2724BCFA610084E76E /* PBXContainerItemProxy */;
			sourceTree = BUILT_PRODUCTS_DIR;
		};
		41818D2A24BCFA610084E76E /* AppAuth_tvOSTests.xctest */ = {
			isa = PBXReferenceProxy;
			fileType = wrapper.cfbundle;
			path = AppAuth_tvOSTests.xctest;
			remoteRef = 41818D2924BCFA610084E76E /* PBXContainerItemProxy */;
			sourceTree = BUILT_PRODUCTS_DIR;
		};
		41818D2C24BCFA610084E76E /* AppAuth.framework */ = {
			isa = PBXReferenceProxy;
			fileType = wrapper.framework;
			path = AppAuth.framework;
			remoteRef = 41818D2B24BCFA610084E76E /* PBXContainerItemProxy */;
			sourceTree = BUILT_PRODUCTS_DIR;
		};
		41818D2E24BCFA610084E76E /* AppAuth_macOSTests.xctest */ = {
			isa = PBXReferenceProxy;
			fileType = wrapper.cfbundle;
			path = AppAuth_macOSTests.xctest;
			remoteRef = 41818D2D24BCFA610084E76E /* PBXContainerItemProxy */;
			sourceTree = BUILT_PRODUCTS_DIR;
		};
		41818D3024BCFA610084E76E /* AppAuthCore.framework */ = {
			isa = PBXReferenceProxy;
			fileType = wrapper.framework;
			path = AppAuthCore.framework;
			remoteRef = 41818D2F24BCFA610084E76E /* PBXContainerItemProxy */;
			sourceTree = BUILT_PRODUCTS_DIR;
		};
		41818D3224BCFA610084E76E /* AppAuthCoreTests.xctest */ = {
			isa = PBXReferenceProxy;
			fileType = wrapper.cfbundle;
			path = AppAuthCoreTests.xctest;
			remoteRef = 41818D3124BCFA610084E76E /* PBXContainerItemProxy */;
			sourceTree = BUILT_PRODUCTS_DIR;
		};
		41818D4424BCFA610084E76E /* libAppAuth-iOS.a */ = {
			isa = PBXReferenceProxy;
			fileType = archive.ar;
			path = "libAppAuth-iOS.a";
			remoteRef = 41818D4324BCFA610084E76E /* PBXContainerItemProxy */;
			sourceTree = BUILT_PRODUCTS_DIR;
		};
		41818D4624BCFA610084E76E /* AppAuth-iOSTests.xctest */ = {
			isa = PBXReferenceProxy;
			fileType = wrapper.cfbundle;
			path = "AppAuth-iOSTests.xctest";
			remoteRef = 41818D4524BCFA610084E76E /* PBXContainerItemProxy */;
			sourceTree = BUILT_PRODUCTS_DIR;
		};
		41818D4824BCFA610084E76E /* libAppAuth-macOS.a */ = {
			isa = PBXReferenceProxy;
			fileType = archive.ar;
			path = "libAppAuth-macOS.a";
			remoteRef = 41818D4724BCFA610084E76E /* PBXContainerItemProxy */;
			sourceTree = BUILT_PRODUCTS_DIR;
		};
		41818D4A24BCFA610084E76E /* AppAuth-macOSTests.xctest */ = {
			isa = PBXReferenceProxy;
			fileType = wrapper.cfbundle;
			path = "AppAuth-macOSTests.xctest";
			remoteRef = 41818D4924BCFA610084E76E /* PBXContainerItemProxy */;
			sourceTree = BUILT_PRODUCTS_DIR;
		};
		41818D4C24BCFA610084E76E /* libAppAuth-tvOS.a */ = {
			isa = PBXReferenceProxy;
			fileType = archive.ar;
			path = "libAppAuth-tvOS.a";
			remoteRef = 41818D4B24BCFA610084E76E /* PBXContainerItemProxy */;
			sourceTree = BUILT_PRODUCTS_DIR;
		};
		41818D4E24BCFA610084E76E /* AppAuth-tvOSTests.xctest */ = {
			isa = PBXReferenceProxy;
			fileType = wrapper.cfbundle;
			path = "AppAuth-tvOSTests.xctest";
			remoteRef = 41818D4D24BCFA610084E76E /* PBXContainerItemProxy */;
			sourceTree = BUILT_PRODUCTS_DIR;
		};
		41818D5024BCFA610084E76E /* libAppAuth-watchOS.a */ = {
			isa = PBXReferenceProxy;
			fileType = archive.ar;
			path = "libAppAuth-watchOS.a";
			remoteRef = 41818D4F24BCFA610084E76E /* PBXContainerItemProxy */;
			sourceTree = BUILT_PRODUCTS_DIR;
		};
		41818D5224BCFA610084E76E /* AppAuth.framework */ = {
			isa = PBXReferenceProxy;
			fileType = wrapper.framework;
			path = AppAuth.framework;
			remoteRef = 41818D5124BCFA610084E76E /* PBXContainerItemProxy */;
			sourceTree = BUILT_PRODUCTS_DIR;
		};
		41818D5424BCFA610084E76E /* AppAuth_iOSTests.xctest */ = {
			isa = PBXReferenceProxy;
			fileType = wrapper.cfbundle;
			path = AppAuth_iOSTests.xctest;
			remoteRef = 41818D5324BCFA610084E76E /* PBXContainerItemProxy */;
			sourceTree = BUILT_PRODUCTS_DIR;
		};
		41818D5624BCFA610084E76E /* AppAuth.framework */ = {
			isa = PBXReferenceProxy;
			fileType = wrapper.framework;
			path = AppAuth.framework;
			remoteRef = 41818D5524BCFA610084E76E /* PBXContainerItemProxy */;
			sourceTree = BUILT_PRODUCTS_DIR;
		};
		41818D5824BCFA610084E76E /* AppAUth.framework */ = {
			isa = PBXReferenceProxy;
			fileType = wrapper.framework;
			path = AppAUth.framework;
			remoteRef = 41818D5724BCFA610084E76E /* PBXContainerItemProxy */;
			sourceTree = BUILT_PRODUCTS_DIR;
		};
		41818D5A24BCFA610084E76E /* AppAuth_tvOSTests.xctest */ = {
			isa = PBXReferenceProxy;
			fileType = wrapper.cfbundle;
			path = AppAuth_tvOSTests.xctest;
			remoteRef = 41818D5924BCFA610084E76E /* PBXContainerItemProxy */;
			sourceTree = BUILT_PRODUCTS_DIR;
		};
		41818D5C24BCFA610084E76E /* AppAuth.framework */ = {
			isa = PBXReferenceProxy;
			fileType = wrapper.framework;
			path = AppAuth.framework;
			remoteRef = 41818D5B24BCFA610084E76E /* PBXContainerItemProxy */;
			sourceTree = BUILT_PRODUCTS_DIR;
		};
		41818D5E24BCFA610084E76E /* AppAuth_macOSTests.xctest */ = {
			isa = PBXReferenceProxy;
			fileType = wrapper.cfbundle;
			path = AppAuth_macOSTests.xctest;
			remoteRef = 41818D5D24BCFA610084E76E /* PBXContainerItemProxy */;
			sourceTree = BUILT_PRODUCTS_DIR;
		};
		41818D6024BCFA610084E76E /* AppAuthCore.framework */ = {
			isa = PBXReferenceProxy;
			fileType = wrapper.framework;
			path = AppAuthCore.framework;
			remoteRef = 41818D5F24BCFA610084E76E /* PBXContainerItemProxy */;
			sourceTree = BUILT_PRODUCTS_DIR;
		};
		41818D6224BCFA610084E76E /* AppAuthCoreTests.xctest */ = {
			isa = PBXReferenceProxy;
			fileType = wrapper.cfbundle;
			path = AppAuthCoreTests.xctest;
			remoteRef = 41818D6124BCFA610084E76E /* PBXContainerItemProxy */;
			sourceTree = BUILT_PRODUCTS_DIR;
		};
		41818D7424BCFA610084E76E /* libAppAuth-iOS.a */ = {
			isa = PBXReferenceProxy;
			fileType = archive.ar;
			path = "libAppAuth-iOS.a";
			remoteRef = 41818D7324BCFA610084E76E /* PBXContainerItemProxy */;
			sourceTree = BUILT_PRODUCTS_DIR;
		};
		41818D7624BCFA610084E76E /* AppAuth-iOSTests.xctest */ = {
			isa = PBXReferenceProxy;
			fileType = wrapper.cfbundle;
			path = "AppAuth-iOSTests.xctest";
			remoteRef = 41818D7524BCFA610084E76E /* PBXContainerItemProxy */;
			sourceTree = BUILT_PRODUCTS_DIR;
		};
		41818D7824BCFA610084E76E /* libAppAuth-macOS.a */ = {
			isa = PBXReferenceProxy;
			fileType = archive.ar;
			path = "libAppAuth-macOS.a";
			remoteRef = 41818D7724BCFA610084E76E /* PBXContainerItemProxy */;
			sourceTree = BUILT_PRODUCTS_DIR;
		};
		41818D7A24BCFA610084E76E /* AppAuth-macOSTests.xctest */ = {
			isa = PBXReferenceProxy;
			fileType = wrapper.cfbundle;
			path = "AppAuth-macOSTests.xctest";
			remoteRef = 41818D7924BCFA610084E76E /* PBXContainerItemProxy */;
			sourceTree = BUILT_PRODUCTS_DIR;
		};
		41818D7C24BCFA610084E76E /* libAppAuth-tvOS.a */ = {
			isa = PBXReferenceProxy;
			fileType = archive.ar;
			path = "libAppAuth-tvOS.a";
			remoteRef = 41818D7B24BCFA610084E76E /* PBXContainerItemProxy */;
			sourceTree = BUILT_PRODUCTS_DIR;
		};
		41818D7E24BCFA610084E76E /* AppAuth-tvOSTests.xctest */ = {
			isa = PBXReferenceProxy;
			fileType = wrapper.cfbundle;
			path = "AppAuth-tvOSTests.xctest";
			remoteRef = 41818D7D24BCFA610084E76E /* PBXContainerItemProxy */;
			sourceTree = BUILT_PRODUCTS_DIR;
		};
		41818D8024BCFA610084E76E /* libAppAuth-watchOS.a */ = {
			isa = PBXReferenceProxy;
			fileType = archive.ar;
			path = "libAppAuth-watchOS.a";
			remoteRef = 41818D7F24BCFA610084E76E /* PBXContainerItemProxy */;
			sourceTree = BUILT_PRODUCTS_DIR;
		};
		41818D8224BCFA610084E76E /* AppAuth.framework */ = {
			isa = PBXReferenceProxy;
			fileType = wrapper.framework;
			path = AppAuth.framework;
			remoteRef = 41818D8124BCFA610084E76E /* PBXContainerItemProxy */;
			sourceTree = BUILT_PRODUCTS_DIR;
		};
		41818D8424BCFA610084E76E /* AppAuth_iOSTests.xctest */ = {
			isa = PBXReferenceProxy;
			fileType = wrapper.cfbundle;
			path = AppAuth_iOSTests.xctest;
			remoteRef = 41818D8324BCFA610084E76E /* PBXContainerItemProxy */;
			sourceTree = BUILT_PRODUCTS_DIR;
		};
		41818D8624BCFA610084E76E /* AppAuth.framework */ = {
			isa = PBXReferenceProxy;
			fileType = wrapper.framework;
			path = AppAuth.framework;
			remoteRef = 41818D8524BCFA610084E76E /* PBXContainerItemProxy */;
			sourceTree = BUILT_PRODUCTS_DIR;
		};
		41818D8824BCFA610084E76E /* AppAuth.framework */ = {
			isa = PBXReferenceProxy;
			fileType = wrapper.framework;
			path = AppAuth.framework;
			remoteRef = 41818D8724BCFA610084E76E /* PBXContainerItemProxy */;
			sourceTree = BUILT_PRODUCTS_DIR;
		};
		41818D8A24BCFA610084E76E /* AppAuth_tvOSTests.xctest */ = {
			isa = PBXReferenceProxy;
			fileType = wrapper.cfbundle;
			path = AppAuth_tvOSTests.xctest;
			remoteRef = 41818D8924BCFA610084E76E /* PBXContainerItemProxy */;
			sourceTree = BUILT_PRODUCTS_DIR;
		};
		41818D8C24BCFA610084E76E /* AppAuth.framework */ = {
			isa = PBXReferenceProxy;
			fileType = wrapper.framework;
			path = AppAuth.framework;
			remoteRef = 41818D8B24BCFA610084E76E /* PBXContainerItemProxy */;
			sourceTree = BUILT_PRODUCTS_DIR;
		};
		41818D8E24BCFA610084E76E /* AppAuth_macOSTests.xctest */ = {
			isa = PBXReferenceProxy;
			fileType = wrapper.cfbundle;
			path = AppAuth_macOSTests.xctest;
			remoteRef = 41818D8D24BCFA610084E76E /* PBXContainerItemProxy */;
			sourceTree = BUILT_PRODUCTS_DIR;
		};
		41818D9024BCFA610084E76E /* AppAuthCore.framework */ = {
			isa = PBXReferenceProxy;
			fileType = wrapper.framework;
			path = AppAuthCore.framework;
			remoteRef = 41818D8F24BCFA610084E76E /* PBXContainerItemProxy */;
			sourceTree = BUILT_PRODUCTS_DIR;
		};
		41818D9224BCFA610084E76E /* AppAuthCoreTests.xctest */ = {
			isa = PBXReferenceProxy;
			fileType = wrapper.cfbundle;
			path = AppAuthCoreTests.xctest;
			remoteRef = 41818D9124BCFA610084E76E /* PBXContainerItemProxy */;
			sourceTree = BUILT_PRODUCTS_DIR;
		};
		41818D9624BCFA610084E76E /* BeTestiOS.app */ = {
			isa = PBXReferenceProxy;
			fileType = wrapper.application;
			path = BeTestiOS.app;
			remoteRef = 41818D9524BCFA610084E76E /* PBXContainerItemProxy */;
			sourceTree = BUILT_PRODUCTS_DIR;
		};
		41818D9824BCFA610084E76E /* BeTestiOSTests.xctest */ = {
			isa = PBXReferenceProxy;
			fileType = wrapper.cfbundle;
			path = BeTestiOSTests.xctest;
			remoteRef = 41818D9724BCFA610084E76E /* PBXContainerItemProxy */;
			sourceTree = BUILT_PRODUCTS_DIR;
		};
		41818D9C24BCFA610084E76E /* Example-iOS_ObjC.app */ = {
			isa = PBXReferenceProxy;
			fileType = wrapper.application;
			path = "Example-iOS_ObjC.app";
			remoteRef = 41818D9B24BCFA610084E76E /* PBXContainerItemProxy */;
			sourceTree = BUILT_PRODUCTS_DIR;
		};
		41818D9E24BCFA610084E76E /* AppAuthExample-iOS_ObjCTests.xctest */ = {
			isa = PBXReferenceProxy;
			fileType = wrapper.cfbundle;
			path = "AppAuthExample-iOS_ObjCTests.xctest";
			remoteRef = 41818D9D24BCFA610084E76E /* PBXContainerItemProxy */;
			sourceTree = BUILT_PRODUCTS_DIR;
		};
		41818DA224BCFA610084E76E /* Example-iOS_ObjC.app */ = {
			isa = PBXReferenceProxy;
			fileType = wrapper.application;
			path = "Example-iOS_ObjC.app";
			remoteRef = 41818DA124BCFA610084E76E /* PBXContainerItemProxy */;
			sourceTree = BUILT_PRODUCTS_DIR;
		};
		41818DA424BCFA610084E76E /* AppAuthExample-iOS_ObjCTests.xctest */ = {
			isa = PBXReferenceProxy;
			fileType = wrapper.cfbundle;
			path = "AppAuthExample-iOS_ObjCTests.xctest";
			remoteRef = 41818DA324BCFA610084E76E /* PBXContainerItemProxy */;
			sourceTree = BUILT_PRODUCTS_DIR;
		};
		41818DA824BCFA610084E76E /* Example-iOS_ObjC.app */ = {
			isa = PBXReferenceProxy;
			fileType = wrapper.application;
			path = "Example-iOS_ObjC.app";
			remoteRef = 41818DA724BCFA610084E76E /* PBXContainerItemProxy */;
			sourceTree = BUILT_PRODUCTS_DIR;
		};
		41818DAA24BCFA610084E76E /* AppAuthExample-iOS_ObjCTests.xctest */ = {
			isa = PBXReferenceProxy;
			fileType = wrapper.cfbundle;
			path = "AppAuthExample-iOS_ObjCTests.xctest";
			remoteRef = 41818DA924BCFA610084E76E /* PBXContainerItemProxy */;
			sourceTree = BUILT_PRODUCTS_DIR;
		};
		41818DAE24BCFA610084E76E /* Example-macOS.app */ = {
			isa = PBXReferenceProxy;
			fileType = wrapper.application;
			path = "Example-macOS.app";
			remoteRef = 41818DAD24BCFA610084E76E /* PBXContainerItemProxy */;
			sourceTree = BUILT_PRODUCTS_DIR;
		};
		41818DB024BCFA610084E76E /* Example-macOSTests.xctest */ = {
			isa = PBXReferenceProxy;
			fileType = wrapper.cfbundle;
			path = "Example-macOSTests.xctest";
			remoteRef = 41818DAF24BCFA610084E76E /* PBXContainerItemProxy */;
			sourceTree = BUILT_PRODUCTS_DIR;
		};
		41818DB424BCFA610084E76E /* Example-macOS.app */ = {
			isa = PBXReferenceProxy;
			fileType = wrapper.application;
			path = "Example-macOS.app";
			remoteRef = 41818DB324BCFA610084E76E /* PBXContainerItemProxy */;
			sourceTree = BUILT_PRODUCTS_DIR;
		};
		41818DB624BCFA610084E76E /* Example-macOSTests.xctest */ = {
			isa = PBXReferenceProxy;
			fileType = wrapper.cfbundle;
			path = "Example-macOSTests.xctest";
			remoteRef = 41818DB524BCFA610084E76E /* PBXContainerItemProxy */;
			sourceTree = BUILT_PRODUCTS_DIR;
		};
		41818DBA24BCFA610084E76E /* Example-macOS.app */ = {
			isa = PBXReferenceProxy;
			fileType = wrapper.application;
			path = "Example-macOS.app";
			remoteRef = 41818DB924BCFA610084E76E /* PBXContainerItemProxy */;
			sourceTree = BUILT_PRODUCTS_DIR;
		};
		41818DBC24BCFA610084E76E /* Example-macOSTests.xctest */ = {
			isa = PBXReferenceProxy;
			fileType = wrapper.cfbundle;
			path = "Example-macOSTests.xctest";
			remoteRef = 41818DBB24BCFA610084E76E /* PBXContainerItemProxy */;
			sourceTree = BUILT_PRODUCTS_DIR;
		};
		41818DBF24BCFA610084E76E /* Example.app */ = {
			isa = PBXReferenceProxy;
			fileType = wrapper.application;
			path = Example.app;
			remoteRef = 41818DBE24BCFA610084E76E /* PBXContainerItemProxy */;
			sourceTree = BUILT_PRODUCTS_DIR;
		};
		41818DC224BCFA610084E76E /* Example.app */ = {
			isa = PBXReferenceProxy;
			fileType = wrapper.application;
			path = Example.app;
			remoteRef = 41818DC124BCFA610084E76E /* PBXContainerItemProxy */;
			sourceTree = BUILT_PRODUCTS_DIR;
		};
		41818DC524BCFA610084E76E /* Example.app */ = {
			isa = PBXReferenceProxy;
			fileType = wrapper.application;
			path = Example.app;
			remoteRef = 41818DC424BCFA610084E76E /* PBXContainerItemProxy */;
			sourceTree = BUILT_PRODUCTS_DIR;
		};
		41818DC824BCFA610084E76E /* Example.app */ = {
			isa = PBXReferenceProxy;
			fileType = wrapper.application;
			path = Example.app;
			remoteRef = 41818DC724BCFA610084E76E /* PBXContainerItemProxy */;
			sourceTree = BUILT_PRODUCTS_DIR;
		};
		41818DCB24BCFA610084E76E /* Example.app */ = {
			isa = PBXReferenceProxy;
			fileType = wrapper.application;
			path = Example.app;
			remoteRef = 41818DCA24BCFA610084E76E /* PBXContainerItemProxy */;
			sourceTree = BUILT_PRODUCTS_DIR;
		};
		41818DCE24BCFA610084E76E /* Example.app */ = {
			isa = PBXReferenceProxy;
			fileType = wrapper.application;
			path = Example.app;
			remoteRef = 41818DCD24BCFA610084E76E /* PBXContainerItemProxy */;
			sourceTree = BUILT_PRODUCTS_DIR;
		};
		41818DD424BCFA610084E76E /* flatc */ = {
			isa = PBXReferenceProxy;
			fileType = "compiled.mach-o.executable";
			path = flatc;
			remoteRef = 41818DD324BCFA610084E76E /* PBXContainerItemProxy */;
			sourceTree = BUILT_PRODUCTS_DIR;
		};
		41818DD624BCFA610084E76E /* flatsamplebinary */ = {
			isa = PBXReferenceProxy;
			fileType = "compiled.mach-o.executable";
			path = flatsamplebinary;
			remoteRef = 41818DD524BCFA610084E76E /* PBXContainerItemProxy */;
			sourceTree = BUILT_PRODUCTS_DIR;
		};
		41818DD824BCFA610084E76E /* flatsampletext */ = {
			isa = PBXReferenceProxy;
			fileType = "compiled.mach-o.executable";
			path = flatsampletext;
			remoteRef = 41818DD724BCFA610084E76E /* PBXContainerItemProxy */;
			sourceTree = BUILT_PRODUCTS_DIR;
		};
		41818DDA24BCFA610084E76E /* flattests */ = {
			isa = PBXReferenceProxy;
			fileType = "compiled.mach-o.executable";
			path = flattests;
			remoteRef = 41818DD924BCFA610084E76E /* PBXContainerItemProxy */;
			sourceTree = BUILT_PRODUCTS_DIR;
		};
		41818DDD24BCFA610084E76E /* iModelJsApp.app */ = {
			isa = PBXReferenceProxy;
			fileType = wrapper.application;
			path = iModelJsApp.app;
			remoteRef = 41818DDC24BCFA610084E76E /* PBXContainerItemProxy */;
			sourceTree = BUILT_PRODUCTS_DIR;
		};
		41818DE024BCFA610084E76E /* IModelJsNative.framework */ = {
			isa = PBXReferenceProxy;
			fileType = wrapper.framework;
			path = IModelJsNative.framework;
			remoteRef = 41818DDF24BCFA610084E76E /* PBXContainerItemProxy */;
			sourceTree = BUILT_PRODUCTS_DIR;
		};
/* End PBXReferenceProxy section */

/* Begin PBXResourcesBuildPhase section */
		415D587E23E37F5200907B7B /* Resources */ = {
			isa = PBXResourcesBuildPhase;
			buildActionMask = 2147483647;
			files = (
				415D589C23E38D0C00907B7B /* Config.xcconfig in Resources */,
				415D589023E37F5300907B7B /* LaunchScreen.storyboard in Resources */,
				4158CCD124BE365F00FA5E49 /* IModelJsNative in Resources */,
				415D588D23E37F5300907B7B /* Assets.xcassets in Resources */,
				415D588B23E37F5200907B7B /* Main.storyboard in Resources */,
			);
			runOnlyForDeploymentPostprocessing = 0;
		};
/* End PBXResourcesBuildPhase section */

/* Begin PBXShellScriptBuildPhase section */
		415D58A323E38E1900907B7B /* ShellScript */ = {
			isa = PBXShellScriptBuildPhase;
			buildActionMask = 2147483647;
			files = (
			);
			inputFileListPaths = (
			);
			inputPaths = (
			);
			outputFileListPaths = (
			);
			outputPaths = (
			);
			runOnlyForDeploymentPostprocessing = 0;
			shellPath = /bin/sh;
			shellScript = "AppBundleRoot=\"$BUILT_PRODUCTS_DIR/$FULL_PRODUCT_NAME\"\nProjectDir=\"$PROJECT_DIR\";\n\n# iModelJsNative Assets folder\nrm -rf $AppBundleRoot/iModelJsNative\nmkdir $AppBundleRoot/iModelJsNative\ncp -L -R $OutRoot$BuildArchitecture/Product/iModelJsHost/Assets $AppBundleRoot/iModelJsNative\n# cp $AssetRoot/backend/assets/test.bim $AppBundleRoot/iModelJsNative/Assets/\n\n\n# Copy FrontEnd and BackEnd assets\nrm -rf $AppBundleRoot/Assets\nmkdir $AppBundleRoot/Assets\ncp -L -R $AssetRoot/ $AppBundleRoot/Assets/\n\n";
		};
/* End PBXShellScriptBuildPhase section */

/* Begin PBXSourcesBuildPhase section */
		415D587C23E37F5200907B7B /* Sources */ = {
			isa = PBXSourcesBuildPhase;
			buildActionMask = 2147483647;
			files = (
				415D588823E37F5200907B7B /* MainViewController.swift in Sources */,
				415D588423E37F5200907B7B /* AppDelegate.swift in Sources */,
				415D58B723E4ACAA00907B7B /* AssetHandler.swift in Sources */,
				415D588623E37F5200907B7B /* SceneDelegate.swift in Sources */,
			);
			runOnlyForDeploymentPostprocessing = 0;
		};
/* End PBXSourcesBuildPhase section */

/* Begin PBXVariantGroup section */
		415D588923E37F5200907B7B /* Main.storyboard */ = {
			isa = PBXVariantGroup;
			children = (
				415D588A23E37F5200907B7B /* Base */,
			);
			name = Main.storyboard;
			sourceTree = "<group>";
		};
		415D588E23E37F5300907B7B /* LaunchScreen.storyboard */ = {
			isa = PBXVariantGroup;
			children = (
				415D588F23E37F5300907B7B /* Base */,
			);
			name = LaunchScreen.storyboard;
			sourceTree = "<group>";
		};
/* End PBXVariantGroup section */

/* Begin XCBuildConfiguration section */
		415D589223E37F5300907B7B /* Debug */ = {
			isa = XCBuildConfiguration;
			buildSettings = {
				ALWAYS_SEARCH_USER_PATHS = NO;
				CLANG_ANALYZER_NONNULL = YES;
				CLANG_ANALYZER_NUMBER_OBJECT_CONVERSION = YES_AGGRESSIVE;
				CLANG_CXX_LANGUAGE_STANDARD = "gnu++14";
				CLANG_CXX_LIBRARY = "libc++";
				CLANG_ENABLE_MODULES = YES;
				CLANG_ENABLE_OBJC_ARC = YES;
				CLANG_ENABLE_OBJC_WEAK = YES;
				CLANG_WARN_BLOCK_CAPTURE_AUTORELEASING = YES;
				CLANG_WARN_BOOL_CONVERSION = YES;
				CLANG_WARN_COMMA = YES;
				CLANG_WARN_CONSTANT_CONVERSION = YES;
				CLANG_WARN_DEPRECATED_OBJC_IMPLEMENTATIONS = YES;
				CLANG_WARN_DIRECT_OBJC_ISA_USAGE = YES_ERROR;
				CLANG_WARN_DOCUMENTATION_COMMENTS = YES;
				CLANG_WARN_EMPTY_BODY = YES;
				CLANG_WARN_ENUM_CONVERSION = YES;
				CLANG_WARN_INFINITE_RECURSION = YES;
				CLANG_WARN_INT_CONVERSION = YES;
				CLANG_WARN_NON_LITERAL_NULL_CONVERSION = YES;
				CLANG_WARN_OBJC_IMPLICIT_RETAIN_SELF = YES;
				CLANG_WARN_OBJC_LITERAL_CONVERSION = YES;
				CLANG_WARN_OBJC_ROOT_CLASS = YES_ERROR;
				CLANG_WARN_RANGE_LOOP_ANALYSIS = YES;
				CLANG_WARN_STRICT_PROTOTYPES = YES;
				CLANG_WARN_SUSPICIOUS_MOVE = YES;
				CLANG_WARN_UNGUARDED_AVAILABILITY = YES_AGGRESSIVE;
				CLANG_WARN_UNREACHABLE_CODE = YES;
				CLANG_WARN__DUPLICATE_METHOD_MATCH = YES;
				COPY_PHASE_STRIP = NO;
				DEBUG_INFORMATION_FORMAT = dwarf;
				ENABLE_STRICT_OBJC_MSGSEND = YES;
				ENABLE_TESTABILITY = YES;
				GCC_C_LANGUAGE_STANDARD = gnu11;
				GCC_DYNAMIC_NO_PIC = NO;
				GCC_NO_COMMON_BLOCKS = YES;
				GCC_OPTIMIZATION_LEVEL = 0;
				GCC_PREPROCESSOR_DEFINITIONS = (
					"DEBUG=1",
					"$(inherited)",
				);
				GCC_WARN_64_TO_32_BIT_CONVERSION = YES;
				GCC_WARN_ABOUT_RETURN_TYPE = YES_ERROR;
				GCC_WARN_UNDECLARED_SELECTOR = YES;
				GCC_WARN_UNINITIALIZED_AUTOS = YES_AGGRESSIVE;
				GCC_WARN_UNUSED_FUNCTION = YES;
				GCC_WARN_UNUSED_VARIABLE = YES;
				IPHONEOS_DEPLOYMENT_TARGET = 13.2;
				MTL_ENABLE_DEBUG_INFO = INCLUDE_SOURCE;
				MTL_FAST_MATH = YES;
				ONLY_ACTIVE_ARCH = YES;
				SDKROOT = iphoneos;
				SWIFT_ACTIVE_COMPILATION_CONDITIONS = DEBUG;
				SWIFT_OPTIMIZATION_LEVEL = "-Onone";
			};
			name = Debug;
		};
		415D589323E37F5300907B7B /* Release */ = {
			isa = XCBuildConfiguration;
			buildSettings = {
				ALWAYS_SEARCH_USER_PATHS = NO;
				CLANG_ANALYZER_NONNULL = YES;
				CLANG_ANALYZER_NUMBER_OBJECT_CONVERSION = YES_AGGRESSIVE;
				CLANG_CXX_LANGUAGE_STANDARD = "gnu++14";
				CLANG_CXX_LIBRARY = "libc++";
				CLANG_ENABLE_MODULES = YES;
				CLANG_ENABLE_OBJC_ARC = YES;
				CLANG_ENABLE_OBJC_WEAK = YES;
				CLANG_WARN_BLOCK_CAPTURE_AUTORELEASING = YES;
				CLANG_WARN_BOOL_CONVERSION = YES;
				CLANG_WARN_COMMA = YES;
				CLANG_WARN_CONSTANT_CONVERSION = YES;
				CLANG_WARN_DEPRECATED_OBJC_IMPLEMENTATIONS = YES;
				CLANG_WARN_DIRECT_OBJC_ISA_USAGE = YES_ERROR;
				CLANG_WARN_DOCUMENTATION_COMMENTS = YES;
				CLANG_WARN_EMPTY_BODY = YES;
				CLANG_WARN_ENUM_CONVERSION = YES;
				CLANG_WARN_INFINITE_RECURSION = YES;
				CLANG_WARN_INT_CONVERSION = YES;
				CLANG_WARN_NON_LITERAL_NULL_CONVERSION = YES;
				CLANG_WARN_OBJC_IMPLICIT_RETAIN_SELF = YES;
				CLANG_WARN_OBJC_LITERAL_CONVERSION = YES;
				CLANG_WARN_OBJC_ROOT_CLASS = YES_ERROR;
				CLANG_WARN_RANGE_LOOP_ANALYSIS = YES;
				CLANG_WARN_STRICT_PROTOTYPES = YES;
				CLANG_WARN_SUSPICIOUS_MOVE = YES;
				CLANG_WARN_UNGUARDED_AVAILABILITY = YES_AGGRESSIVE;
				CLANG_WARN_UNREACHABLE_CODE = YES;
				CLANG_WARN__DUPLICATE_METHOD_MATCH = YES;
				COPY_PHASE_STRIP = NO;
				DEBUG_INFORMATION_FORMAT = "dwarf-with-dsym";
				ENABLE_NS_ASSERTIONS = NO;
				ENABLE_STRICT_OBJC_MSGSEND = YES;
				GCC_C_LANGUAGE_STANDARD = gnu11;
				GCC_NO_COMMON_BLOCKS = YES;
				GCC_WARN_64_TO_32_BIT_CONVERSION = YES;
				GCC_WARN_ABOUT_RETURN_TYPE = YES_ERROR;
				GCC_WARN_UNDECLARED_SELECTOR = YES;
				GCC_WARN_UNINITIALIZED_AUTOS = YES_AGGRESSIVE;
				GCC_WARN_UNUSED_FUNCTION = YES;
				GCC_WARN_UNUSED_VARIABLE = YES;
				IPHONEOS_DEPLOYMENT_TARGET = 13.2;
				MTL_ENABLE_DEBUG_INFO = NO;
				MTL_FAST_MATH = YES;
				SDKROOT = iphoneos;
				SWIFT_COMPILATION_MODE = wholemodule;
				SWIFT_OPTIMIZATION_LEVEL = "-O";
				VALIDATE_PRODUCT = YES;
			};
			name = Release;
		};
		415D589523E37F5300907B7B /* Debug */ = {
			isa = XCBuildConfiguration;
			baseConfigurationReference = 415D589B23E38D0C00907B7B /* Config.xcconfig */;
			buildSettings = {
				ASSETCATALOG_COMPILER_APPICON_NAME = AppIcon;
				CLANG_ENABLE_MODULES = YES;
				CODE_SIGN_IDENTITY = "iPhone Developer";
				CODE_SIGN_STYLE = Manual;
				DEVELOPMENT_TEAM = WLDT6Q3PUY;
				ENABLE_BITCODE = NO;
				FRAMEWORK_SEARCH_PATHS = (
					"$(inherited)",
					"$(PROJECT_DIR)/imodeljs-test-app/thirdparty",
					"$(FRAMEWORK_SEARCH_PATHS)",
				);
				HEADER_SEARCH_PATHS = "$(OutRoot)$(BuildArchitecture)/Product/iModelJsHost/includes/**";
				INFOPLIST_FILE = "imodeljs-test-app/Info.plist";
				LD_RUNPATH_SEARCH_PATHS = (
					"$(inherited)",
					"@executable_path/Frameworks",
				);
				LIBRARY_SEARCH_PATHS = "$(OutRoot)$(BuildArchitecture)/Product/iModelJsHost/libs";
				PRODUCT_BUNDLE_IDENTIFIER = "bentley.imodeljs-test-app";
				PRODUCT_NAME = "$(TARGET_NAME)";
				PROVISIONING_PROFILE_SPECIFIER = "Field BU Enterprise Team Profile";
				SWIFT_OBJC_BRIDGING_HEADER = "imodeljs-test-app/imodeljs-test-app-Bridging-Header.h";
				SWIFT_OPTIMIZATION_LEVEL = "-Onone";
				SWIFT_VERSION = 5.0;
				TARGETED_DEVICE_FAMILY = "1,2";
			};
			name = Debug;
		};
		415D589623E37F5300907B7B /* Release */ = {
			isa = XCBuildConfiguration;
			baseConfigurationReference = 415D589B23E38D0C00907B7B /* Config.xcconfig */;
			buildSettings = {
				ASSETCATALOG_COMPILER_APPICON_NAME = AppIcon;
				CLANG_ENABLE_MODULES = YES;
				CODE_SIGN_IDENTITY = "iPhone Developer";
				CODE_SIGN_STYLE = Manual;
				DEVELOPMENT_TEAM = WLDT6Q3PUY;
				ENABLE_BITCODE = NO;
				FRAMEWORK_SEARCH_PATHS = (
					"$(inherited)",
					"$(PROJECT_DIR)/imodeljs-test-app/thirdparty",
					"$(FRAMEWORK_SEARCH_PATHS)",
				);
				HEADER_SEARCH_PATHS = "$(OutRoot)$(BuildArchitecture)/Product/iModelJsHost/includes/**";
				INFOPLIST_FILE = "imodeljs-test-app/Info.plist";
				LD_RUNPATH_SEARCH_PATHS = (
					"$(inherited)",
					"@executable_path/Frameworks",
				);
				LIBRARY_SEARCH_PATHS = "$(OutRoot)$(BuildArchitecture)/Product/iModelJsHost/libs";
				PRODUCT_BUNDLE_IDENTIFIER = "bentley.imodeljs-test-app";
				PRODUCT_NAME = "$(TARGET_NAME)";
				PROVISIONING_PROFILE_SPECIFIER = "Field BU Enterprise Team Profile";
				SWIFT_OBJC_BRIDGING_HEADER = "imodeljs-test-app/imodeljs-test-app-Bridging-Header.h";
				SWIFT_VERSION = 5.0;
				TARGETED_DEVICE_FAMILY = "1,2";
			};
			name = Release;
		};
/* End XCBuildConfiguration section */

/* Begin XCConfigurationList section */
		415D587B23E37F5200907B7B /* Build configuration list for PBXProject "imodeljs-test-app" */ = {
			isa = XCConfigurationList;
			buildConfigurations = (
				415D589223E37F5300907B7B /* Debug */,
				415D589323E37F5300907B7B /* Release */,
			);
			defaultConfigurationIsVisible = 0;
			defaultConfigurationName = Release;
		};
		415D589423E37F5300907B7B /* Build configuration list for PBXNativeTarget "imodeljs-test-app" */ = {
			isa = XCConfigurationList;
			buildConfigurations = (
				415D589523E37F5300907B7B /* Debug */,
				415D589623E37F5300907B7B /* Release */,
			);
			defaultConfigurationIsVisible = 0;
			defaultConfigurationName = Release;
		};
/* End XCConfigurationList section */
	};
	rootObject = 415D587823E37F5200907B7B /* Project object */;
}
