// !$*UTF8*$!
{
	archiveVersion = 1;
	classes = {
	};
	objectVersion = 50;
	objects = {

/* Begin PBXBuildFile section */
		415D588423E37F5200907B7B /* AppDelegate.swift in Sources */ = {isa = PBXBuildFile; fileRef = 415D588323E37F5200907B7B /* AppDelegate.swift */; };
		415D588623E37F5200907B7B /* SceneDelegate.swift in Sources */ = {isa = PBXBuildFile; fileRef = 415D588523E37F5200907B7B /* SceneDelegate.swift */; };
		415D588823E37F5200907B7B /* ViewController.swift in Sources */ = {isa = PBXBuildFile; fileRef = 415D588723E37F5200907B7B /* ViewController.swift */; };
		415D588B23E37F5200907B7B /* Main.storyboard in Resources */ = {isa = PBXBuildFile; fileRef = 415D588923E37F5200907B7B /* Main.storyboard */; };
		415D588D23E37F5300907B7B /* Assets.xcassets in Resources */ = {isa = PBXBuildFile; fileRef = 415D588C23E37F5300907B7B /* Assets.xcassets */; };
		415D589023E37F5300907B7B /* LaunchScreen.storyboard in Resources */ = {isa = PBXBuildFile; fileRef = 415D588E23E37F5300907B7B /* LaunchScreen.storyboard */; };
		415D589C23E38D0C00907B7B /* Config.xcconfig in Resources */ = {isa = PBXBuildFile; fileRef = 415D589B23E38D0C00907B7B /* Config.xcconfig */; };
		415D58A123E38DD100907B7B /* WebKit.framework in Frameworks */ = {isa = PBXBuildFile; fileRef = 415D589923E38CCF00907B7B /* WebKit.framework */; };
		415D58B723E4ACAA00907B7B /* AssetHandler.swift in Sources */ = {isa = PBXBuildFile; fileRef = 415D58B623E4ACAA00907B7B /* AssetHandler.swift */; };
		4180D5312472EEBB00EF5E14 /* IModelJsNative.framework in Frameworks */ = {isa = PBXBuildFile; fileRef = 4180D5302472EEBB00EF5E14 /* IModelJsNative.framework */; };
		4180D5322472EEBB00EF5E14 /* IModelJsNative.framework in Embed Libraries */ = {isa = PBXBuildFile; fileRef = 4180D5302472EEBB00EF5E14 /* IModelJsNative.framework */; settings = {ATTRIBUTES = (CodeSignOnCopy, RemoveHeadersOnCopy, ); }; };
/* End PBXBuildFile section */

/* Begin PBXCopyFilesBuildPhase section */
		415D58A023E38DCB00907B7B /* Embed Libraries */ = {
			isa = PBXCopyFilesBuildPhase;
			buildActionMask = 2147483647;
			dstPath = "";
			dstSubfolderSpec = 10;
			files = (
				4180D5322472EEBB00EF5E14 /* IModelJsNative.framework in Embed Libraries */,
			);
			name = "Embed Libraries";
			runOnlyForDeploymentPostprocessing = 0;
		};
/* End PBXCopyFilesBuildPhase section */

/* Begin PBXFileReference section */
		415D588023E37F5200907B7B /* imodeljs-test-app.app */ = {isa = PBXFileReference; explicitFileType = wrapper.application; includeInIndex = 0; path = "imodeljs-test-app.app"; sourceTree = BUILT_PRODUCTS_DIR; };
		415D588323E37F5200907B7B /* AppDelegate.swift */ = {isa = PBXFileReference; lastKnownFileType = sourcecode.swift; path = AppDelegate.swift; sourceTree = "<group>"; };
		415D588523E37F5200907B7B /* SceneDelegate.swift */ = {isa = PBXFileReference; lastKnownFileType = sourcecode.swift; path = SceneDelegate.swift; sourceTree = "<group>"; };
		415D588723E37F5200907B7B /* ViewController.swift */ = {isa = PBXFileReference; lastKnownFileType = sourcecode.swift; path = ViewController.swift; sourceTree = "<group>"; };
		415D588A23E37F5200907B7B /* Base */ = {isa = PBXFileReference; lastKnownFileType = file.storyboard; name = Base; path = Base.lproj/Main.storyboard; sourceTree = "<group>"; };
		415D588C23E37F5300907B7B /* Assets.xcassets */ = {isa = PBXFileReference; lastKnownFileType = folder.assetcatalog; path = Assets.xcassets; sourceTree = "<group>"; };
		415D588F23E37F5300907B7B /* Base */ = {isa = PBXFileReference; lastKnownFileType = file.storyboard; name = Base; path = Base.lproj/LaunchScreen.storyboard; sourceTree = "<group>"; };
		415D589123E37F5300907B7B /* Info.plist */ = {isa = PBXFileReference; lastKnownFileType = text.plist.xml; path = Info.plist; sourceTree = "<group>"; };
		415D589923E38CCF00907B7B /* WebKit.framework */ = {isa = PBXFileReference; lastKnownFileType = wrapper.framework; name = WebKit.framework; path = System/Library/Frameworks/WebKit.framework; sourceTree = SDKROOT; };
		415D589B23E38D0C00907B7B /* Config.xcconfig */ = {isa = PBXFileReference; lastKnownFileType = text.xcconfig; path = Config.xcconfig; sourceTree = "<group>"; };
		415D58A423E3907C00907B7B /* imodeljs-test-app-Bridging-Header.h */ = {isa = PBXFileReference; lastKnownFileType = sourcecode.c.h; path = "imodeljs-test-app-Bridging-Header.h"; sourceTree = "<group>"; };
		415D58B623E4ACAA00907B7B /* AssetHandler.swift */ = {isa = PBXFileReference; lastKnownFileType = sourcecode.swift; path = AssetHandler.swift; sourceTree = "<group>"; };
		4180D5302472EEBB00EF5E14 /* IModelJsNative.framework */ = {isa = PBXFileReference; lastKnownFileType = wrapper.framework; name = IModelJsNative.framework; path = "../../node_modules/@itwin/core-backend/node_modules/@bentley/imodeljs-native/imodeljs-ios-arm64//IModelJsNative.framework"; sourceTree = SOURCE_ROOT; };
/* End PBXFileReference section */

/* Begin PBXFrameworksBuildPhase section */
		415D587D23E37F5200907B7B /* Frameworks */ = {
			isa = PBXFrameworksBuildPhase;
			buildActionMask = 2147483647;
			files = (
				4180D5312472EEBB00EF5E14 /* IModelJsNative.framework in Frameworks */,
				415D58A123E38DD100907B7B /* WebKit.framework in Frameworks */,
			);
			runOnlyForDeploymentPostprocessing = 0;
		};
/* End PBXFrameworksBuildPhase section */

/* Begin PBXGroup section */
		415D587723E37F5200907B7B = {
			isa = PBXGroup;
			children = (
				415D589B23E38D0C00907B7B /* Config.xcconfig */,
				415D588223E37F5200907B7B /* imodeljs-test-app */,
				415D588123E37F5200907B7B /* Products */,
				415D589823E38CCF00907B7B /* Frameworks */,
			);
			sourceTree = "<group>";
		};
		415D588123E37F5200907B7B /* Products */ = {
			isa = PBXGroup;
			children = (
				415D588023E37F5200907B7B /* imodeljs-test-app.app */,
			);
			name = Products;
			sourceTree = "<group>";
		};
		415D588223E37F5200907B7B /* imodeljs-test-app */ = {
			isa = PBXGroup;
			children = (
				415D588323E37F5200907B7B /* AppDelegate.swift */,
				415D588523E37F5200907B7B /* SceneDelegate.swift */,
				415D588723E37F5200907B7B /* ViewController.swift */,
				415D588923E37F5200907B7B /* Main.storyboard */,
				415D588C23E37F5300907B7B /* Assets.xcassets */,
				415D588E23E37F5300907B7B /* LaunchScreen.storyboard */,
				415D589123E37F5300907B7B /* Info.plist */,
				415D58A423E3907C00907B7B /* imodeljs-test-app-Bridging-Header.h */,
				415D58B623E4ACAA00907B7B /* AssetHandler.swift */,
			);
			path = "imodeljs-test-app";
			sourceTree = "<group>";
		};
		415D589823E38CCF00907B7B /* Frameworks */ = {
			isa = PBXGroup;
			children = (
				4180D5302472EEBB00EF5E14 /* IModelJsNative.framework */,
				415D589923E38CCF00907B7B /* WebKit.framework */,
			);
			name = Frameworks;
			sourceTree = "<group>";
		};
/* End PBXGroup section */

/* Begin PBXNativeTarget section */
		415D587F23E37F5200907B7B /* imodeljs-test-app */ = {
			isa = PBXNativeTarget;
			buildConfigurationList = 415D589423E37F5300907B7B /* Build configuration list for PBXNativeTarget "imodeljs-test-app" */;
			buildPhases = (
				415D587C23E37F5200907B7B /* Sources */,
				415D587D23E37F5200907B7B /* Frameworks */,
				415D587E23E37F5200907B7B /* Resources */,
				415D58A023E38DCB00907B7B /* Embed Libraries */,
				415D58A323E38E1900907B7B /* ShellScript */,
			);
			buildRules = (
			);
			dependencies = (
			);
			name = "imodeljs-test-app";
			productName = "imodeljs-test-app";
			productReference = 415D588023E37F5200907B7B /* imodeljs-test-app.app */;
			productType = "com.apple.product-type.application";
		};
/* End PBXNativeTarget section */

/* Begin PBXProject section */
		415D587823E37F5200907B7B /* Project object */ = {
			isa = PBXProject;
			attributes = {
				LastSwiftUpdateCheck = 1130;
				LastUpgradeCheck = 1130;
				ORGANIZATIONNAME = "Affan Khan";
				TargetAttributes = {
					415D587F23E37F5200907B7B = {
						CreatedOnToolsVersion = 11.3;
						LastSwiftMigration = 1130;
					};
				};
			};
			buildConfigurationList = 415D587B23E37F5200907B7B /* Build configuration list for PBXProject "imodeljs-test-app" */;
			compatibilityVersion = "Xcode 9.3";
			developmentRegion = en;
			hasScannedForEncodings = 0;
			knownRegions = (
				en,
				Base,
			);
			mainGroup = 415D587723E37F5200907B7B;
			productRefGroup = 415D588123E37F5200907B7B /* Products */;
			projectDirPath = "";
			projectRoot = "";
			targets = (
				415D587F23E37F5200907B7B /* imodeljs-test-app */,
			);
		};
/* End PBXProject section */

/* Begin PBXResourcesBuildPhase section */
		415D587E23E37F5200907B7B /* Resources */ = {
			isa = PBXResourcesBuildPhase;
			buildActionMask = 2147483647;
			files = (
				415D589C23E38D0C00907B7B /* Config.xcconfig in Resources */,
				415D589023E37F5300907B7B /* LaunchScreen.storyboard in Resources */,
				415D588D23E37F5300907B7B /* Assets.xcassets in Resources */,
				415D588B23E37F5200907B7B /* Main.storyboard in Resources */,
			);
			runOnlyForDeploymentPostprocessing = 0;
		};
/* End PBXResourcesBuildPhase section */

/* Begin PBXShellScriptBuildPhase section */
		415D58A323E38E1900907B7B /* ShellScript */ = {
			isa = PBXShellScriptBuildPhase;
			buildActionMask = 2147483647;
			files = (
			);
			inputFileListPaths = (
			);
			inputPaths = (
			);
			outputFileListPaths = (
			);
			outputPaths = (
			);
			runOnlyForDeploymentPostprocessing = 0;
			shellPath = /bin/sh;
			shellScript = "AppBundleRoot=\"$BUILT_PRODUCTS_DIR/$FULL_PRODUCT_NAME\"\nProjectDir=\"$PROJECT_DIR\";\n\n# iModelJsNative Assets folder\nrm -rf $AppBundleRoot/iModelJsNative\nmkdir $AppBundleRoot/iModelJsNative\ncp -L -R $OutRoot$BuildArchitecture/Product/iModelJsHost/Assets $AppBundleRoot/iModelJsNative\n# cp $AssetRoot/backend/assets/test.bim $AppBundleRoot/iModelJsNative/Assets/\n\n\n# Copy FrontEnd and BackEnd assets\nrm -rf $AppBundleRoot/Assets\nmkdir $AppBundleRoot/Assets\ncp -L -R $AssetRoot/ $AppBundleRoot/Assets/\n\n";
		};
/* End PBXShellScriptBuildPhase section */

/* Begin PBXSourcesBuildPhase section */
		415D587C23E37F5200907B7B /* Sources */ = {
			isa = PBXSourcesBuildPhase;
			buildActionMask = 2147483647;
			files = (
				415D588823E37F5200907B7B /* ViewController.swift in Sources */,
				415D588423E37F5200907B7B /* AppDelegate.swift in Sources */,
				415D58B723E4ACAA00907B7B /* AssetHandler.swift in Sources */,
				415D588623E37F5200907B7B /* SceneDelegate.swift in Sources */,
			);
			runOnlyForDeploymentPostprocessing = 0;
		};
/* End PBXSourcesBuildPhase section */

/* Begin PBXVariantGroup section */
		415D588923E37F5200907B7B /* Main.storyboard */ = {
			isa = PBXVariantGroup;
			children = (
				415D588A23E37F5200907B7B /* Base */,
			);
			name = Main.storyboard;
			sourceTree = "<group>";
		};
		415D588E23E37F5300907B7B /* LaunchScreen.storyboard */ = {
			isa = PBXVariantGroup;
			children = (
				415D588F23E37F5300907B7B /* Base */,
			);
			name = LaunchScreen.storyboard;
			sourceTree = "<group>";
		};
/* End PBXVariantGroup section */

/* Begin XCBuildConfiguration section */
		415D589223E37F5300907B7B /* Debug */ = {
			isa = XCBuildConfiguration;
			buildSettings = {
				ALWAYS_SEARCH_USER_PATHS = NO;
				CLANG_ANALYZER_NONNULL = YES;
				CLANG_ANALYZER_NUMBER_OBJECT_CONVERSION = YES_AGGRESSIVE;
				CLANG_CXX_LANGUAGE_STANDARD = "gnu++14";
				CLANG_CXX_LIBRARY = "libc++";
				CLANG_ENABLE_MODULES = YES;
				CLANG_ENABLE_OBJC_ARC = YES;
				CLANG_ENABLE_OBJC_WEAK = YES;
				CLANG_WARN_BLOCK_CAPTURE_AUTORELEASING = YES;
				CLANG_WARN_BOOL_CONVERSION = YES;
				CLANG_WARN_COMMA = YES;
				CLANG_WARN_CONSTANT_CONVERSION = YES;
				CLANG_WARN_DEPRECATED_OBJC_IMPLEMENTATIONS = YES;
				CLANG_WARN_DIRECT_OBJC_ISA_USAGE = YES_ERROR;
				CLANG_WARN_DOCUMENTATION_COMMENTS = YES;
				CLANG_WARN_EMPTY_BODY = YES;
				CLANG_WARN_ENUM_CONVERSION = YES;
				CLANG_WARN_INFINITE_RECURSION = YES;
				CLANG_WARN_INT_CONVERSION = YES;
				CLANG_WARN_NON_LITERAL_NULL_CONVERSION = YES;
				CLANG_WARN_OBJC_IMPLICIT_RETAIN_SELF = YES;
				CLANG_WARN_OBJC_LITERAL_CONVERSION = YES;
				CLANG_WARN_OBJC_ROOT_CLASS = YES_ERROR;
				CLANG_WARN_RANGE_LOOP_ANALYSIS = YES;
				CLANG_WARN_STRICT_PROTOTYPES = YES;
				CLANG_WARN_SUSPICIOUS_MOVE = YES;
				CLANG_WARN_UNGUARDED_AVAILABILITY = YES_AGGRESSIVE;
				CLANG_WARN_UNREACHABLE_CODE = YES;
				CLANG_WARN__DUPLICATE_METHOD_MATCH = YES;
				COPY_PHASE_STRIP = NO;
				DEBUG_INFORMATION_FORMAT = dwarf;
				ENABLE_STRICT_OBJC_MSGSEND = YES;
				ENABLE_TESTABILITY = YES;
				GCC_C_LANGUAGE_STANDARD = gnu11;
				GCC_DYNAMIC_NO_PIC = NO;
				GCC_NO_COMMON_BLOCKS = YES;
				GCC_OPTIMIZATION_LEVEL = 0;
				GCC_PREPROCESSOR_DEFINITIONS = (
					"DEBUG=1",
					"$(inherited)",
				);
				GCC_WARN_64_TO_32_BIT_CONVERSION = YES;
				GCC_WARN_ABOUT_RETURN_TYPE = YES_ERROR;
				GCC_WARN_UNDECLARED_SELECTOR = YES;
				GCC_WARN_UNINITIALIZED_AUTOS = YES_AGGRESSIVE;
				GCC_WARN_UNUSED_FUNCTION = YES;
				GCC_WARN_UNUSED_VARIABLE = YES;
				IPHONEOS_DEPLOYMENT_TARGET = 13.2;
				MTL_ENABLE_DEBUG_INFO = INCLUDE_SOURCE;
				MTL_FAST_MATH = YES;
				ONLY_ACTIVE_ARCH = YES;
				SDKROOT = iphoneos;
				SWIFT_ACTIVE_COMPILATION_CONDITIONS = DEBUG;
				SWIFT_OPTIMIZATION_LEVEL = "-Onone";
			};
			name = Debug;
		};
		415D589323E37F5300907B7B /* Release */ = {
			isa = XCBuildConfiguration;
			buildSettings = {
				ALWAYS_SEARCH_USER_PATHS = NO;
				CLANG_ANALYZER_NONNULL = YES;
				CLANG_ANALYZER_NUMBER_OBJECT_CONVERSION = YES_AGGRESSIVE;
				CLANG_CXX_LANGUAGE_STANDARD = "gnu++14";
				CLANG_CXX_LIBRARY = "libc++";
				CLANG_ENABLE_MODULES = YES;
				CLANG_ENABLE_OBJC_ARC = YES;
				CLANG_ENABLE_OBJC_WEAK = YES;
				CLANG_WARN_BLOCK_CAPTURE_AUTORELEASING = YES;
				CLANG_WARN_BOOL_CONVERSION = YES;
				CLANG_WARN_COMMA = YES;
				CLANG_WARN_CONSTANT_CONVERSION = YES;
				CLANG_WARN_DEPRECATED_OBJC_IMPLEMENTATIONS = YES;
				CLANG_WARN_DIRECT_OBJC_ISA_USAGE = YES_ERROR;
				CLANG_WARN_DOCUMENTATION_COMMENTS = YES;
				CLANG_WARN_EMPTY_BODY = YES;
				CLANG_WARN_ENUM_CONVERSION = YES;
				CLANG_WARN_INFINITE_RECURSION = YES;
				CLANG_WARN_INT_CONVERSION = YES;
				CLANG_WARN_NON_LITERAL_NULL_CONVERSION = YES;
				CLANG_WARN_OBJC_IMPLICIT_RETAIN_SELF = YES;
				CLANG_WARN_OBJC_LITERAL_CONVERSION = YES;
				CLANG_WARN_OBJC_ROOT_CLASS = YES_ERROR;
				CLANG_WARN_RANGE_LOOP_ANALYSIS = YES;
				CLANG_WARN_STRICT_PROTOTYPES = YES;
				CLANG_WARN_SUSPICIOUS_MOVE = YES;
				CLANG_WARN_UNGUARDED_AVAILABILITY = YES_AGGRESSIVE;
				CLANG_WARN_UNREACHABLE_CODE = YES;
				CLANG_WARN__DUPLICATE_METHOD_MATCH = YES;
				COPY_PHASE_STRIP = NO;
				DEBUG_INFORMATION_FORMAT = "dwarf-with-dsym";
				ENABLE_NS_ASSERTIONS = NO;
				ENABLE_STRICT_OBJC_MSGSEND = YES;
				GCC_C_LANGUAGE_STANDARD = gnu11;
				GCC_NO_COMMON_BLOCKS = YES;
				GCC_WARN_64_TO_32_BIT_CONVERSION = YES;
				GCC_WARN_ABOUT_RETURN_TYPE = YES_ERROR;
				GCC_WARN_UNDECLARED_SELECTOR = YES;
				GCC_WARN_UNINITIALIZED_AUTOS = YES_AGGRESSIVE;
				GCC_WARN_UNUSED_FUNCTION = YES;
				GCC_WARN_UNUSED_VARIABLE = YES;
				IPHONEOS_DEPLOYMENT_TARGET = 13.2;
				MTL_ENABLE_DEBUG_INFO = NO;
				MTL_FAST_MATH = YES;
				SDKROOT = iphoneos;
				SWIFT_COMPILATION_MODE = wholemodule;
				SWIFT_OPTIMIZATION_LEVEL = "-O";
				VALIDATE_PRODUCT = YES;
			};
			name = Release;
		};
		415D589523E37F5300907B7B /* Debug */ = {
			isa = XCBuildConfiguration;
			baseConfigurationReference = 415D589B23E38D0C00907B7B /* Config.xcconfig */;
			buildSettings = {
				ASSETCATALOG_COMPILER_APPICON_NAME = AppIcon;
				CLANG_ENABLE_MODULES = YES;
				CODE_SIGN_STYLE = Automatic;
				DEVELOPMENT_TEAM = WLDT6Q3PUY;
				ENABLE_BITCODE = NO;
				FRAMEWORK_SEARCH_PATHS = (
					"$(inherited)",
					"$(PROJECT_DIR)/imodeljs-test-app/thirdparty",
					"$(FRAMEWORK_SEARCH_PATHS)",
				);
				HEADER_SEARCH_PATHS = "$(OutRoot)$(BuildArchitecture)/Product/iModelJsHost/includes/**";
				INFOPLIST_FILE = "imodeljs-test-app/Info.plist";
				LD_RUNPATH_SEARCH_PATHS = (
					"$(inherited)",
					"@executable_path/Frameworks",
				);
				LIBRARY_SEARCH_PATHS = "$(OutRoot)$(BuildArchitecture)/Product/iModelJsHost/libs";
				PRODUCT_BUNDLE_IDENTIFIER = "bentley.imodeljs-test-app";
				PRODUCT_NAME = "$(TARGET_NAME)";
				SWIFT_OBJC_BRIDGING_HEADER = "imodeljs-test-app/imodeljs-test-app-Bridging-Header.h";
				SWIFT_OPTIMIZATION_LEVEL = "-Onone";
				SWIFT_VERSION = 5.0;
				TARGETED_DEVICE_FAMILY = "1,2";
			};
			name = Debug;
		};
		415D589623E37F5300907B7B /* Release */ = {
			isa = XCBuildConfiguration;
			baseConfigurationReference = 415D589B23E38D0C00907B7B /* Config.xcconfig */;
			buildSettings = {
				ASSETCATALOG_COMPILER_APPICON_NAME = AppIcon;
				CLANG_ENABLE_MODULES = YES;
				CODE_SIGN_STYLE = Automatic;
				DEVELOPMENT_TEAM = WLDT6Q3PUY;
				ENABLE_BITCODE = NO;
				FRAMEWORK_SEARCH_PATHS = (
					"$(inherited)",
					"$(PROJECT_DIR)/imodeljs-test-app/thirdparty",
					"$(FRAMEWORK_SEARCH_PATHS)",
				);
				HEADER_SEARCH_PATHS = "$(OutRoot)$(BuildArchitecture)/Product/iModelJsHost/includes/**";
				INFOPLIST_FILE = "imodeljs-test-app/Info.plist";
				LD_RUNPATH_SEARCH_PATHS = (
					"$(inherited)",
					"@executable_path/Frameworks",
				);
				LIBRARY_SEARCH_PATHS = "$(OutRoot)$(BuildArchitecture)/Product/iModelJsHost/libs";
				PRODUCT_BUNDLE_IDENTIFIER = "bentley.imodeljs-test-app";
				PRODUCT_NAME = "$(TARGET_NAME)";
				SWIFT_OBJC_BRIDGING_HEADER = "imodeljs-test-app/imodeljs-test-app-Bridging-Header.h";
				SWIFT_VERSION = 5.0;
				TARGETED_DEVICE_FAMILY = "1,2";
			};
			name = Release;
		};
/* End XCBuildConfiguration section */

/* Begin XCConfigurationList section */
		415D587B23E37F5200907B7B /* Build configuration list for PBXProject "imodeljs-test-app" */ = {
			isa = XCConfigurationList;
			buildConfigurations = (
				415D589223E37F5300907B7B /* Debug */,
				415D589323E37F5300907B7B /* Release */,
			);
			defaultConfigurationIsVisible = 0;
			defaultConfigurationName = Release;
		};
		415D589423E37F5300907B7B /* Build configuration list for PBXNativeTarget "imodeljs-test-app" */ = {
			isa = XCConfigurationList;
			buildConfigurations = (
				415D589523E37F5300907B7B /* Debug */,
				415D589623E37F5300907B7B /* Release */,
			);
			defaultConfigurationIsVisible = 0;
			defaultConfigurationName = Release;
		};
/* End XCConfigurationList section */
	};
	rootObject = 415D587823E37F5200907B7B /* Project object */;
}
